// !$*UTF8*$!
{
	archiveVersion = 1;
	classes = {
	};
	objectVersion = 46;
	objects = {

/* Begin PBXBuildFile section */
		00D27A846B37901156ED7E8C /* ofxLSGModuleReaderParametric.cpp in Sources */ = {isa = PBXBuildFile; fileRef = D5647128493C97D1E521BDF2 /* ofxLSGModuleReaderParametric.cpp */; };
		2E2DFD372793A6D8CC90A861 /* ofxLSGOperation.cpp in Sources */ = {isa = PBXBuildFile; fileRef = 1140453199459B31F314A57C /* ofxLSGOperation.cpp */; };
		4424F04C7831AEA2D5D65F0C /* ofxLSGrammarParametric.cpp in Sources */ = {isa = PBXBuildFile; fileRef = 654268BFCE0F497425BA16DA /* ofxLSGrammarParametric.cpp */; };
		8EC6215849B6BA1268A9D3EC /* ofxLSGSanitizer.cpp in Sources */ = {isa = PBXBuildFile; fileRef = F2089F233123226FA776A78A /* ofxLSGSanitizer.cpp */; };
		923EDCCF52117F38161D4C7C /* ofxLSGCondition.cpp in Sources */ = {isa = PBXBuildFile; fileRef = 661E31978408ADFC83D77420 /* ofxLSGCondition.cpp */; };
		B7C54395FA706CAFAA7AA705 /* ofxLSGRuleParametric.cpp in Sources */ = {isa = PBXBuildFile; fileRef = 5F3C11576300B6F9B8446009 /* ofxLSGRuleParametric.cpp */; };
		BD0466E9AE010FA1678969DF /* ofxLSGrammarStochastic.cpp in Sources */ = {isa = PBXBuildFile; fileRef = 089B3ACD7D4F0C7860E60EC6 /* ofxLSGrammarStochastic.cpp */; };
		C73E090EBB58CD3BE832D6C9 /* ofxLSystemGrammar.cpp in Sources */ = {isa = PBXBuildFile; fileRef = E508C9CFE7673BD62E112E6F /* ofxLSystemGrammar.cpp */; };
		E4328149138ABC9F0047C5CB /* openFrameworksDebug.a in Frameworks */ = {isa = PBXBuildFile; fileRef = E4328148138ABC890047C5CB /* openFrameworksDebug.a */; };
		E4B69E200A3A1BDC003C02F2 /* main.cpp in Sources */ = {isa = PBXBuildFile; fileRef = E4B69E1D0A3A1BDC003C02F2 /* main.cpp */; };
		E4B69E210A3A1BDC003C02F2 /* ofApp.cpp in Sources */ = {isa = PBXBuildFile; fileRef = E4B69E1E0A3A1BDC003C02F2 /* ofApp.cpp */; };
		FA9A659517351CB653383D5B /* ofxLSGrammarDetector.cpp in Sources */ = {isa = PBXBuildFile; fileRef = 33ECCDDCEF6186555914248F /* ofxLSGrammarDetector.cpp */; };
		FCA2F83BC3F0E8592F1ECEC3 /* ofxLSGrammarStandard.cpp in Sources */ = {isa = PBXBuildFile; fileRef = 406C135B15A112E096185491 /* ofxLSGrammarStandard.cpp */; };
/* End PBXBuildFile section */

/* Begin PBXContainerItemProxy section */
		E4328147138ABC890047C5CB /* PBXContainerItemProxy */ = {
			isa = PBXContainerItemProxy;
			containerPortal = E4328143138ABC890047C5CB /* openFrameworksLib.xcodeproj */;
			proxyType = 2;
			remoteGlobalIDString = E4B27C1510CBEB8E00536013;
			remoteInfo = openFrameworks;
		};
		E4EEB9AB138B136A00A80321 /* PBXContainerItemProxy */ = {
			isa = PBXContainerItemProxy;
			containerPortal = E4328143138ABC890047C5CB /* openFrameworksLib.xcodeproj */;
			proxyType = 1;
			remoteGlobalIDString = E4B27C1410CBEB8E00536013;
			remoteInfo = openFrameworks;
		};
/* End PBXContainerItemProxy section */

/* Begin PBXCopyFilesBuildPhase section */
		E4C2427710CC5ABF004149E2 /* CopyFiles */ = {
			isa = PBXCopyFilesBuildPhase;
			buildActionMask = 2147483647;
			dstPath = "";
			dstSubfolderSpec = 10;
			files = (
			);
			runOnlyForDeploymentPostprocessing = 0;
		};
/* End PBXCopyFilesBuildPhase section */

/* Begin PBXFileReference section */
		089B3ACD7D4F0C7860E60EC6 /* ofxLSGrammarStochastic.cpp */ = {isa = PBXFileReference; explicitFileType = sourcecode.cpp.cpp; fileEncoding = 30; name = ofxLSGrammarStochastic.cpp; path = "../../../addons/ofxLSystemGrammar-master/src/ofxLSGrammarStochastic.cpp"; sourceTree = SOURCE_ROOT; };
		1140453199459B31F314A57C /* ofxLSGOperation.cpp */ = {isa = PBXFileReference; explicitFileType = sourcecode.cpp.cpp; fileEncoding = 30; name = ofxLSGOperation.cpp; path = "../../../addons/ofxLSystemGrammar-master/src/ofxLSGOperation.cpp"; sourceTree = SOURCE_ROOT; };
		115B081E1FCECAB1004BE7C9 /* LSystemTree.hpp */ = {isa = PBXFileReference; lastKnownFileType = sourcecode.cpp.h; path = LSystemTree.hpp; sourceTree = "<group>"; };
		151DBAA0C480A8D8CBFE46A0 /* ofxLSGSanitizer.h */ = {isa = PBXFileReference; explicitFileType = sourcecode.c.h; fileEncoding = 30; name = ofxLSGSanitizer.h; path = "../../../addons/ofxLSystemGrammar-master/src/ofxLSGSanitizer.h"; sourceTree = SOURCE_ROOT; };
		1D1C36F8E34B8F776588D509 /* ofxLSGUtils.h */ = {isa = PBXFileReference; explicitFileType = sourcecode.c.h; fileEncoding = 30; name = ofxLSGUtils.h; path = "../../../addons/ofxLSystemGrammar-master/src/ofxLSGUtils.h"; sourceTree = SOURCE_ROOT; };
		33ECCDDCEF6186555914248F /* ofxLSGrammarDetector.cpp */ = {isa = PBXFileReference; explicitFileType = sourcecode.cpp.cpp; fileEncoding = 30; name = ofxLSGrammarDetector.cpp; path = "../../../addons/ofxLSystemGrammar-master/src/ofxLSGrammarDetector.cpp"; sourceTree = SOURCE_ROOT; };
		356C9B5FB89CDD6237DA80FB /* ofxLSGrammarStandard.h */ = {isa = PBXFileReference; explicitFileType = sourcecode.c.h; fileEncoding = 30; name = ofxLSGrammarStandard.h; path = "../../../addons/ofxLSystemGrammar-master/src/ofxLSGrammarStandard.h"; sourceTree = SOURCE_ROOT; };
		38E011397A776C8AB1E054A5 /* ofxLSGRuleStochastic.h */ = {isa = PBXFileReference; explicitFileType = sourcecode.c.h; fileEncoding = 30; name = ofxLSGRuleStochastic.h; path = "../../../addons/ofxLSystemGrammar-master/src/ofxLSGRuleStochastic.h"; sourceTree = SOURCE_ROOT; };
		406C135B15A112E096185491 /* ofxLSGrammarStandard.cpp */ = {isa = PBXFileReference; explicitFileType = sourcecode.cpp.cpp; fileEncoding = 30; name = ofxLSGrammarStandard.cpp; path = "../../../addons/ofxLSystemGrammar-master/src/ofxLSGrammarStandard.cpp"; sourceTree = SOURCE_ROOT; };
		48A911D9BFD2AB46B9787F0C /* ofxLSGRuleParametric.h */ = {isa = PBXFileReference; explicitFileType = sourcecode.c.h; fileEncoding = 30; name = ofxLSGRuleParametric.h; path = "../../../addons/ofxLSystemGrammar-master/src/ofxLSGRuleParametric.h"; sourceTree = SOURCE_ROOT; };
		4B5FC62BEE9CFE16EFF68641 /* ofxLSGrammarStochastic.h */ = {isa = PBXFileReference; explicitFileType = sourcecode.c.h; fileEncoding = 30; name = ofxLSGrammarStochastic.h; path = "../../../addons/ofxLSystemGrammar-master/src/ofxLSGrammarStochastic.h"; sourceTree = SOURCE_ROOT; };
		58724B14781F9BFCB2D77BD1 /* ofxLSGrammarParametric.h */ = {isa = PBXFileReference; explicitFileType = sourcecode.c.h; fileEncoding = 30; name = ofxLSGrammarParametric.h; path = "../../../addons/ofxLSystemGrammar-master/src/ofxLSGrammarParametric.h"; sourceTree = SOURCE_ROOT; };
		5F3C11576300B6F9B8446009 /* ofxLSGRuleParametric.cpp */ = {isa = PBXFileReference; explicitFileType = sourcecode.cpp.cpp; fileEncoding = 30; name = ofxLSGRuleParametric.cpp; path = "../../../addons/ofxLSystemGrammar-master/src/ofxLSGRuleParametric.cpp"; sourceTree = SOURCE_ROOT; };
		654268BFCE0F497425BA16DA /* ofxLSGrammarParametric.cpp */ = {isa = PBXFileReference; explicitFileType = sourcecode.cpp.cpp; fileEncoding = 30; name = ofxLSGrammarParametric.cpp; path = "../../../addons/ofxLSystemGrammar-master/src/ofxLSGrammarParametric.cpp"; sourceTree = SOURCE_ROOT; };
		661E31978408ADFC83D77420 /* ofxLSGCondition.cpp */ = {isa = PBXFileReference; explicitFileType = sourcecode.cpp.cpp; fileEncoding = 30; name = ofxLSGCondition.cpp; path = "../../../addons/ofxLSystemGrammar-master/src/ofxLSGCondition.cpp"; sourceTree = SOURCE_ROOT; };
		9B71E8F1D6621BCE36EA0265 /* ofxLSGRuleStandard.h */ = {isa = PBXFileReference; explicitFileType = sourcecode.c.h; fileEncoding = 30; name = ofxLSGRuleStandard.h; path = "../../../addons/ofxLSystemGrammar-master/src/ofxLSGRuleStandard.h"; sourceTree = SOURCE_ROOT; };
		AB4D93095A63F072BCE30757 /* ofxLSystemGrammar.h */ = {isa = PBXFileReference; explicitFileType = sourcecode.c.h; fileEncoding = 30; name = ofxLSystemGrammar.h; path = "../../../addons/ofxLSystemGrammar-master/src/ofxLSystemGrammar.h"; sourceTree = SOURCE_ROOT; };
		B1C1B8A57D1781B6EB6E68D1 /* ofxLSGCondition.h */ = {isa = PBXFileReference; explicitFileType = sourcecode.c.h; fileEncoding = 30; name = ofxLSGCondition.h; path = "../../../addons/ofxLSystemGrammar-master/src/ofxLSGCondition.h"; sourceTree = SOURCE_ROOT; };
		D5647128493C97D1E521BDF2 /* ofxLSGModuleReaderParametric.cpp */ = {isa = PBXFileReference; explicitFileType = sourcecode.cpp.cpp; fileEncoding = 30; name = ofxLSGModuleReaderParametric.cpp; path = "../../../addons/ofxLSystemGrammar-master/src/ofxLSGModuleReaderParametric.cpp"; sourceTree = SOURCE_ROOT; };
		E4328143138ABC890047C5CB /* openFrameworksLib.xcodeproj */ = {isa = PBXFileReference; lastKnownFileType = "wrapper.pb-project"; name = openFrameworksLib.xcodeproj; path = ../../../libs/openFrameworksCompiled/project/osx/openFrameworksLib.xcodeproj; sourceTree = SOURCE_ROOT; };
		E4B69B5B0A3A1756003C02F2 /* LSystemTreesDebug.app */ = {isa = PBXFileReference; explicitFileType = wrapper.application; includeInIndex = 0; path = LSystemTreesDebug.app; sourceTree = BUILT_PRODUCTS_DIR; };
		E4B69E1D0A3A1BDC003C02F2 /* main.cpp */ = {isa = PBXFileReference; fileEncoding = 30; lastKnownFileType = sourcecode.cpp.cpp; name = main.cpp; path = src/main.cpp; sourceTree = SOURCE_ROOT; };
		E4B69E1E0A3A1BDC003C02F2 /* ofApp.cpp */ = {isa = PBXFileReference; explicitFileType = sourcecode.cpp.cpp; fileEncoding = 30; name = ofApp.cpp; path = src/ofApp.cpp; sourceTree = SOURCE_ROOT; };
		E4B69E1F0A3A1BDC003C02F2 /* ofApp.h */ = {isa = PBXFileReference; fileEncoding = 30; lastKnownFileType = sourcecode.c.h; name = ofApp.h; path = src/ofApp.h; sourceTree = SOURCE_ROOT; };
		E4B6FCAD0C3E899E008CF71C /* openFrameworks-Info.plist */ = {isa = PBXFileReference; fileEncoding = 30; lastKnownFileType = text.plist.xml; path = "openFrameworks-Info.plist"; sourceTree = "<group>"; };
		E4EB691F138AFCF100A09F29 /* CoreOF.xcconfig */ = {isa = PBXFileReference; fileEncoding = 4; lastKnownFileType = text.xcconfig; name = CoreOF.xcconfig; path = ../../../libs/openFrameworksCompiled/project/osx/CoreOF.xcconfig; sourceTree = SOURCE_ROOT; };
		E4EB6923138AFD0F00A09F29 /* Project.xcconfig */ = {isa = PBXFileReference; fileEncoding = 4; lastKnownFileType = text.xcconfig; path = Project.xcconfig; sourceTree = "<group>"; };
		E508C9CFE7673BD62E112E6F /* ofxLSystemGrammar.cpp */ = {isa = PBXFileReference; explicitFileType = sourcecode.cpp.cpp; fileEncoding = 30; name = ofxLSystemGrammar.cpp; path = "../../../addons/ofxLSystemGrammar-master/src/ofxLSystemGrammar.cpp"; sourceTree = SOURCE_ROOT; };
		E87FDFC88AE55BE21650D326 /* ofxLSGrammarDetector.h */ = {isa = PBXFileReference; explicitFileType = sourcecode.c.h; fileEncoding = 30; name = ofxLSGrammarDetector.h; path = "../../../addons/ofxLSystemGrammar-master/src/ofxLSGrammarDetector.h"; sourceTree = SOURCE_ROOT; };
		F200312DE4C755E961BB30B7 /* ofxLSGOperation.h */ = {isa = PBXFileReference; explicitFileType = sourcecode.c.h; fileEncoding = 30; name = ofxLSGOperation.h; path = "../../../addons/ofxLSystemGrammar-master/src/ofxLSGOperation.h"; sourceTree = SOURCE_ROOT; };
		F2089F233123226FA776A78A /* ofxLSGSanitizer.cpp */ = {isa = PBXFileReference; explicitFileType = sourcecode.cpp.cpp; fileEncoding = 30; name = ofxLSGSanitizer.cpp; path = "../../../addons/ofxLSystemGrammar-master/src/ofxLSGSanitizer.cpp"; sourceTree = SOURCE_ROOT; };
		FA89CD88B2B8FC2B6FDEDF6E /* ofxLSGModuleReaderParametric.h */ = {isa = PBXFileReference; explicitFileType = sourcecode.c.h; fileEncoding = 30; name = ofxLSGModuleReaderParametric.h; path = "../../../addons/ofxLSystemGrammar-master/src/ofxLSGModuleReaderParametric.h"; sourceTree = SOURCE_ROOT; };
/* End PBXFileReference section */

/* Begin PBXFrameworksBuildPhase section */
		E4B69B590A3A1756003C02F2 /* Frameworks */ = {
			isa = PBXFrameworksBuildPhase;
			buildActionMask = 2147483647;
			files = (
				E4328149138ABC9F0047C5CB /* openFrameworksDebug.a in Frameworks */,
			);
			runOnlyForDeploymentPostprocessing = 0;
		};
/* End PBXFrameworksBuildPhase section */

/* Begin PBXGroup section */
		1276B49D2C2AE0AA1A243905 /* src */ = {
			isa = PBXGroup;
			children = (
				B1C1B8A57D1781B6EB6E68D1 /* ofxLSGCondition.h */,
				4B5FC62BEE9CFE16EFF68641 /* ofxLSGrammarStochastic.h */,
				1D1C36F8E34B8F776588D509 /* ofxLSGUtils.h */,
				654268BFCE0F497425BA16DA /* ofxLSGrammarParametric.cpp */,
				48A911D9BFD2AB46B9787F0C /* ofxLSGRuleParametric.h */,
				661E31978408ADFC83D77420 /* ofxLSGCondition.cpp */,
				1140453199459B31F314A57C /* ofxLSGOperation.cpp */,
				089B3ACD7D4F0C7860E60EC6 /* ofxLSGrammarStochastic.cpp */,
				5F3C11576300B6F9B8446009 /* ofxLSGRuleParametric.cpp */,
				D5647128493C97D1E521BDF2 /* ofxLSGModuleReaderParametric.cpp */,
				E508C9CFE7673BD62E112E6F /* ofxLSystemGrammar.cpp */,
				FA89CD88B2B8FC2B6FDEDF6E /* ofxLSGModuleReaderParametric.h */,
				151DBAA0C480A8D8CBFE46A0 /* ofxLSGSanitizer.h */,
				33ECCDDCEF6186555914248F /* ofxLSGrammarDetector.cpp */,
				AB4D93095A63F072BCE30757 /* ofxLSystemGrammar.h */,
				F2089F233123226FA776A78A /* ofxLSGSanitizer.cpp */,
				58724B14781F9BFCB2D77BD1 /* ofxLSGrammarParametric.h */,
				38E011397A776C8AB1E054A5 /* ofxLSGRuleStochastic.h */,
				E87FDFC88AE55BE21650D326 /* ofxLSGrammarDetector.h */,
				9B71E8F1D6621BCE36EA0265 /* ofxLSGRuleStandard.h */,
				406C135B15A112E096185491 /* ofxLSGrammarStandard.cpp */,
				356C9B5FB89CDD6237DA80FB /* ofxLSGrammarStandard.h */,
				F200312DE4C755E961BB30B7 /* ofxLSGOperation.h */,
			);
			name = src;
			sourceTree = "<group>";
		};
		6948EE371B920CB800B5AC1A /* local_addons */ = {
			isa = PBXGroup;
			children = (
			);
			name = local_addons;
			sourceTree = "<group>";
		};
		BB4B014C10F69532006C3DED /* addons */ = {
			isa = PBXGroup;
			children = (
				D1A8E936DD1BEE58C15267F5 /* ofxLSystemGrammar-master */,
			);
			name = addons;
			sourceTree = "<group>";
		};
		D1A8E936DD1BEE58C15267F5 /* ofxLSystemGrammar-master */ = {
			isa = PBXGroup;
			children = (
				1276B49D2C2AE0AA1A243905 /* src */,
			);
			name = "ofxLSystemGrammar-master";
			sourceTree = "<group>";
		};
		E4328144138ABC890047C5CB /* Products */ = {
			isa = PBXGroup;
			children = (
				E4328148138ABC890047C5CB /* openFrameworksDebug.a */,
			);
			name = Products;
			sourceTree = "<group>";
		};
		E4B69B4A0A3A1720003C02F2 = {
			isa = PBXGroup;
			children = (
				E4B6FCAD0C3E899E008CF71C /* openFrameworks-Info.plist */,
				E4EB6923138AFD0F00A09F29 /* Project.xcconfig */,
				E4B69E1C0A3A1BDC003C02F2 /* src */,
				E4EEC9E9138DF44700A80321 /* openFrameworks */,
				BB4B014C10F69532006C3DED /* addons */,
				6948EE371B920CB800B5AC1A /* local_addons */,
				E4B69B5B0A3A1756003C02F2 /* LSystemTreesDebug.app */,
			);
			sourceTree = "<group>";
		};
		E4B69E1C0A3A1BDC003C02F2 /* src */ = {
			isa = PBXGroup;
			children = (
				E4B69E1D0A3A1BDC003C02F2 /* main.cpp */,
				115B081E1FCECAB1004BE7C9 /* LSystemTree.hpp */,
				E4B69E1E0A3A1BDC003C02F2 /* ofApp.cpp */,
				E4B69E1F0A3A1BDC003C02F2 /* ofApp.h */,
			);
			path = src;
			sourceTree = SOURCE_ROOT;
		};
		E4EEC9E9138DF44700A80321 /* openFrameworks */ = {
			isa = PBXGroup;
			children = (
				E4EB691F138AFCF100A09F29 /* CoreOF.xcconfig */,
				E4328143138ABC890047C5CB /* openFrameworksLib.xcodeproj */,
			);
			name = openFrameworks;
			sourceTree = "<group>";
		};
/* End PBXGroup section */

/* Begin PBXNativeTarget section */
		E4B69B5A0A3A1756003C02F2 /* LSystemTrees */ = {
			isa = PBXNativeTarget;
			buildConfigurationList = E4B69B5F0A3A1757003C02F2 /* Build configuration list for PBXNativeTarget "LSystemTrees" */;
			buildPhases = (
				E4B69B580A3A1756003C02F2 /* Sources */,
				E4B69B590A3A1756003C02F2 /* Frameworks */,
				E4B6FFFD0C3F9AB9008CF71C /* ShellScript */,
				E4C2427710CC5ABF004149E2 /* CopyFiles */,
			);
			buildRules = (
			);
			dependencies = (
				E4EEB9AC138B136A00A80321 /* PBXTargetDependency */,
			);
			name = LSystemTrees;
			productName = myOFApp;
			productReference = E4B69B5B0A3A1756003C02F2 /* LSystemTreesDebug.app */;
			productType = "com.apple.product-type.application";
		};
/* End PBXNativeTarget section */

/* Begin PBXProject section */
		E4B69B4C0A3A1720003C02F2 /* Project object */ = {
			isa = PBXProject;
			attributes = {
				LastUpgradeCheck = 0600;
			};
			buildConfigurationList = E4B69B4D0A3A1720003C02F2 /* Build configuration list for PBXProject "LSystemTrees" */;
			compatibilityVersion = "Xcode 3.2";
			developmentRegion = English;
			hasScannedForEncodings = 0;
			knownRegions = (
				English,
				Japanese,
				French,
				German,
			);
			mainGroup = E4B69B4A0A3A1720003C02F2;
			productRefGroup = E4B69B4A0A3A1720003C02F2;
			projectDirPath = "";
			projectReferences = (
				{
					ProductGroup = E4328144138ABC890047C5CB /* Products */;
					ProjectRef = E4328143138ABC890047C5CB /* openFrameworksLib.xcodeproj */;
				},
			);
			projectRoot = "";
			targets = (
				E4B69B5A0A3A1756003C02F2 /* LSystemTrees */,
			);
		};
/* End PBXProject section */

/* Begin PBXReferenceProxy section */
		E4328148138ABC890047C5CB /* openFrameworksDebug.a */ = {
			isa = PBXReferenceProxy;
			fileType = archive.ar;
			path = openFrameworksDebug.a;
			remoteRef = E4328147138ABC890047C5CB /* PBXContainerItemProxy */;
			sourceTree = BUILT_PRODUCTS_DIR;
		};
/* End PBXReferenceProxy section */

/* Begin PBXShellScriptBuildPhase section */
		E4B6FFFD0C3F9AB9008CF71C /* ShellScript */ = {
			isa = PBXShellScriptBuildPhase;
			buildActionMask = 2147483647;
			files = (
			);
			inputPaths = (
			);
			outputPaths = (
			);
			runOnlyForDeploymentPostprocessing = 0;
			shellPath = /bin/sh;
			shellScript = "mkdir -p \"$TARGET_BUILD_DIR/$PRODUCT_NAME.app/Contents/Resources/\"\n# Copy default icon file into App/Resources\nrsync -aved \"$ICON_FILE\" \"$TARGET_BUILD_DIR/$PRODUCT_NAME.app/Contents/Resources/\"\n# Copy libfmod and change install directory for fmod to run\nrsync -aved ../../../libs/fmodex/lib/osx/libfmodex.dylib \"$TARGET_BUILD_DIR/$PRODUCT_NAME.app/Contents/Frameworks/\";\ninstall_name_tool -change @executable_path/libfmodex.dylib @executable_path/../Frameworks/libfmodex.dylib \"$TARGET_BUILD_DIR/$PRODUCT_NAME.app/Contents/MacOS/$PRODUCT_NAME\";\n# Copy GLUT framework (must remove for AppStore submissions)\nrsync -aved ../../../libs/glut/lib/osx/GLUT.framework \"$TARGET_BUILD_DIR/$PRODUCT_NAME.app/Contents/Frameworks/\"\n";
		};
/* End PBXShellScriptBuildPhase section */

/* Begin PBXSourcesBuildPhase section */
		E4B69B580A3A1756003C02F2 /* Sources */ = {
			isa = PBXSourcesBuildPhase;
			buildActionMask = 2147483647;
			files = (
				E4B69E200A3A1BDC003C02F2 /* main.cpp in Sources */,
				E4B69E210A3A1BDC003C02F2 /* ofApp.cpp in Sources */,
				4424F04C7831AEA2D5D65F0C /* ofxLSGrammarParametric.cpp in Sources */,
				923EDCCF52117F38161D4C7C /* ofxLSGCondition.cpp in Sources */,
				2E2DFD372793A6D8CC90A861 /* ofxLSGOperation.cpp in Sources */,
				BD0466E9AE010FA1678969DF /* ofxLSGrammarStochastic.cpp in Sources */,
				B7C54395FA706CAFAA7AA705 /* ofxLSGRuleParametric.cpp in Sources */,
				00D27A846B37901156ED7E8C /* ofxLSGModuleReaderParametric.cpp in Sources */,
				C73E090EBB58CD3BE832D6C9 /* ofxLSystemGrammar.cpp in Sources */,
				FA9A659517351CB653383D5B /* ofxLSGrammarDetector.cpp in Sources */,
				8EC6215849B6BA1268A9D3EC /* ofxLSGSanitizer.cpp in Sources */,
				FCA2F83BC3F0E8592F1ECEC3 /* ofxLSGrammarStandard.cpp in Sources */,
			);
			runOnlyForDeploymentPostprocessing = 0;
		};
/* End PBXSourcesBuildPhase section */

/* Begin PBXTargetDependency section */
		E4EEB9AC138B136A00A80321 /* PBXTargetDependency */ = {
			isa = PBXTargetDependency;
			name = openFrameworks;
			targetProxy = E4EEB9AB138B136A00A80321 /* PBXContainerItemProxy */;
		};
/* End PBXTargetDependency section */

/* Begin XCBuildConfiguration section */
		E4B69B4E0A3A1720003C02F2 /* Debug */ = {
			isa = XCBuildConfiguration;
			baseConfigurationReference = E4EB6923138AFD0F00A09F29 /* Project.xcconfig */;
			buildSettings = {
				CONFIGURATION_BUILD_DIR = "$(SRCROOT)/bin/";
				COPY_PHASE_STRIP = NO;
				DEAD_CODE_STRIPPING = YES;
				GCC_AUTO_VECTORIZATION = YES;
				GCC_ENABLE_SSE3_EXTENSIONS = YES;
				GCC_ENABLE_SUPPLEMENTAL_SSE3_INSTRUCTIONS = YES;
				GCC_INLINES_ARE_PRIVATE_EXTERN = NO;
				GCC_OPTIMIZATION_LEVEL = 0;
				GCC_SYMBOLS_PRIVATE_EXTERN = NO;
				GCC_WARN_ABOUT_DEPRECATED_FUNCTIONS = YES;
				GCC_WARN_ABOUT_INVALID_OFFSETOF_MACRO = NO;
				GCC_WARN_ALLOW_INCOMPLETE_PROTOCOL = NO;
				GCC_WARN_UNINITIALIZED_AUTOS = NO;
				GCC_WARN_UNUSED_VALUE = NO;
				GCC_WARN_UNUSED_VARIABLE = NO;
				HEADER_SEARCH_PATHS = (
					"$(OF_CORE_HEADERS)",
					"../../../addons/ofxLSystemGrammar-master/src",
				);
				MACOSX_DEPLOYMENT_TARGET = 10.8;
				ONLY_ACTIVE_ARCH = YES;
				OTHER_CPLUSPLUSFLAGS = (
					"-D__MACOSX_CORE__",
					"-mtune=native",
				);
				SDKROOT = macosx;
			};
			name = Debug;
		};
		E4B69B4F0A3A1720003C02F2 /* Release */ = {
			isa = XCBuildConfiguration;
			baseConfigurationReference = E4EB6923138AFD0F00A09F29 /* Project.xcconfig */;
			buildSettings = {
				CONFIGURATION_BUILD_DIR = "$(SRCROOT)/bin/";
				COPY_PHASE_STRIP = YES;
				DEAD_CODE_STRIPPING = YES;
				GCC_AUTO_VECTORIZATION = YES;
				GCC_ENABLE_SSE3_EXTENSIONS = YES;
				GCC_ENABLE_SUPPLEMENTAL_SSE3_INSTRUCTIONS = YES;
				GCC_INLINES_ARE_PRIVATE_EXTERN = NO;
				GCC_OPTIMIZATION_LEVEL = 3;
				GCC_SYMBOLS_PRIVATE_EXTERN = NO;
				GCC_UNROLL_LOOPS = YES;
				GCC_WARN_ABOUT_DEPRECATED_FUNCTIONS = YES;
				GCC_WARN_ABOUT_INVALID_OFFSETOF_MACRO = NO;
				GCC_WARN_ALLOW_INCOMPLETE_PROTOCOL = NO;
				GCC_WARN_UNINITIALIZED_AUTOS = NO;
				GCC_WARN_UNUSED_VALUE = NO;
				GCC_WARN_UNUSED_VARIABLE = NO;
				HEADER_SEARCH_PATHS = (
					"$(OF_CORE_HEADERS)",
					"../../../addons/ofxLSystemGrammar-master/src",
				);
				MACOSX_DEPLOYMENT_TARGET = 10.8;
				OTHER_CPLUSPLUSFLAGS = (
					"-D__MACOSX_CORE__",
					"-mtune=native",
				);
				SDKROOT = macosx;
			};
			name = Release;
		};
		E4B69B600A3A1757003C02F2 /* Debug */ = {
			isa = XCBuildConfiguration;
			baseConfigurationReference = E4EB6923138AFD0F00A09F29 /* Project.xcconfig */;
			buildSettings = {
				COMBINE_HIDPI_IMAGES = YES;
				COPY_PHASE_STRIP = NO;
				FRAMEWORK_SEARCH_PATHS = (
					"$(inherited)",
					"$(FRAMEWORK_SEARCH_PATHS_QUOTED_FOR_TARGET_1)",
				);
				FRAMEWORK_SEARCH_PATHS_QUOTED_FOR_TARGET_1 = "\"$(SRCROOT)/../../../libs/glut/lib/osx\"";
				GCC_DYNAMIC_NO_PIC = NO;
				GCC_GENERATE_DEBUGGING_SYMBOLS = YES;
				GCC_MODEL_TUNING = NONE;
				HEADER_SEARCH_PATHS = (
					"$(OF_CORE_HEADERS)",
					"../../../addons/ofxLSystemGrammar-master/src",
				);
				ICON = "$(ICON_NAME_DEBUG)";
				ICON_FILE = "$(ICON_FILE_PATH)$(ICON)";
				INFOPLIST_FILE = "openFrameworks-Info.plist";
				INSTALL_PATH = /Applications;
				LIBRARY_SEARCH_PATHS = "$(inherited)";
				PRODUCT_NAME = "$(TARGET_NAME)Debug";
				WRAPPER_EXTENSION = app;
			};
			name = Debug;
		};
		E4B69B610A3A1757003C02F2 /* Release */ = {
			isa = XCBuildConfiguration;
			baseConfigurationReference = E4EB6923138AFD0F00A09F29 /* Project.xcconfig */;
			buildSettings = {
				COMBINE_HIDPI_IMAGES = YES;
				COPY_PHASE_STRIP = YES;
				FRAMEWORK_SEARCH_PATHS = (
					"$(inherited)",
					"$(FRAMEWORK_SEARCH_PATHS_QUOTED_FOR_TARGET_1)",
				);
				FRAMEWORK_SEARCH_PATHS_QUOTED_FOR_TARGET_1 = "\"$(SRCROOT)/../../../libs/glut/lib/osx\"";
				GCC_GENERATE_DEBUGGING_SYMBOLS = YES;
				GCC_MODEL_TUNING = NONE;
				HEADER_SEARCH_PATHS = (
					"$(OF_CORE_HEADERS)",
					"../../../addons/ofxLSystemGrammar-master/src",
				);
				ICON = "$(ICON_NAME_RELEASE)";
				ICON_FILE = "$(ICON_FILE_PATH)$(ICON)";
				INFOPLIST_FILE = "openFrameworks-Info.plist";
				INSTALL_PATH = /Applications;
				LIBRARY_SEARCH_PATHS = "$(inherited)";
				PRODUCT_NAME = "$(TARGET_NAME)";
				WRAPPER_EXTENSION = app;
				baseConfigurationReference = E4EB6923138AFD0F00A09F29;
			};
			name = Release;
		};
/* End XCBuildConfiguration section */

/* Begin XCConfigurationList section */
		E4B69B4D0A3A1720003C02F2 /* Build configuration list for PBXProject "LSystemTrees" */ = {
			isa = XCConfigurationList;
			buildConfigurations = (
				E4B69B4E0A3A1720003C02F2 /* Debug */,
				E4B69B4F0A3A1720003C02F2 /* Release */,
			);
			defaultConfigurationIsVisible = 0;
			defaultConfigurationName = Release;
		};
		E4B69B5F0A3A1757003C02F2 /* Build configuration list for PBXNativeTarget "LSystemTrees" */ = {
			isa = XCConfigurationList;
			buildConfigurations = (
				E4B69B600A3A1757003C02F2 /* Debug */,
				E4B69B610A3A1757003C02F2 /* Release */,
			);
			defaultConfigurationIsVisible = 0;
			defaultConfigurationName = Release;
		};
/* End XCConfigurationList section */
	};
	rootObject = E4B69B4C0A3A1720003C02F2 /* Project object */;
}
