// !$*UTF8*$!
{
	archiveVersion = 1;
	classes = {
	};
	objectVersion = 46;
	objects = {

/* Begin PBXBuildFile section */
		00D27A846B37901156ED7E8C /* ofxLSGModuleReaderParametric.cpp in Sources */ = {isa = PBXBuildFile; fileRef = D5647128493C97D1E521BDF2 /* ofxLSGModuleReaderParametric.cpp */; };
		08CD64A174B0803C5781E510 /* b2StackAllocator.cpp in Sources */ = {isa = PBXBuildFile; fileRef = D96D8BC92C3A09BF49E29FE1 /* b2StackAllocator.cpp */; };
		0F8E85A9B52191AF87DF7956 /* b2GearJoint.cpp in Sources */ = {isa = PBXBuildFile; fileRef = B2CCAEB350ACDA6D3DD7B5C2 /* b2GearJoint.cpp */; };
		1516D14492EC33F2508936B6 /* b2PulleyJoint.cpp in Sources */ = {isa = PBXBuildFile; fileRef = FB20128D0FD4F0C61C9D5BB2 /* b2PulleyJoint.cpp */; };
		1B8B03A7151AAA24192C54BD /* b2BlockAllocator.cpp in Sources */ = {isa = PBXBuildFile; fileRef = E6F291012BC1B5F7B971B951 /* b2BlockAllocator.cpp */; };
		1B99F76D97D02E095041F62C /* b2Settings.cpp in Sources */ = {isa = PBXBuildFile; fileRef = B50C2312D35A425EED5DA9A2 /* b2Settings.cpp */; };
		2913834119E5330D3F41D5B9 /* ofxBox2dEdge.cpp in Sources */ = {isa = PBXBuildFile; fileRef = B8994E263367ADA3F82602E5 /* ofxBox2dEdge.cpp */; };
		29EC6A37C7326510FEE79FD0 /* b2PolygonAndCircleContact.cpp in Sources */ = {isa = PBXBuildFile; fileRef = 0793633AE22A619F4384C2DE /* b2PolygonAndCircleContact.cpp */; };
		2DE6F10855CACF187E8FAF3C /* b2World.cpp in Sources */ = {isa = PBXBuildFile; fileRef = 6BA81E5DB78BE144E38B930D /* b2World.cpp */; };
		2E2DFD372793A6D8CC90A861 /* ofxLSGOperation.cpp in Sources */ = {isa = PBXBuildFile; fileRef = 1140453199459B31F314A57C /* ofxLSGOperation.cpp */; };
		3092A7426BADB4FA1575C712 /* b2Joint.cpp in Sources */ = {isa = PBXBuildFile; fileRef = 6E6588205BF91C829B84E0B0 /* b2Joint.cpp */; };
		351AC9879DC33A8ECA924086 /* b2Timer.cpp in Sources */ = {isa = PBXBuildFile; fileRef = 48E35A72E1D48CBA50E4F4E5 /* b2Timer.cpp */; };
		37BA9ED64F5180F0BEC03394 /* b2DynamicTree.cpp in Sources */ = {isa = PBXBuildFile; fileRef = 727FFA68E6D6F1CD8AF4A804 /* b2DynamicTree.cpp */; };
		3BA08479B755314F26757D76 /* ofxBox2dPolygon.cpp in Sources */ = {isa = PBXBuildFile; fileRef = 44863030DEDAE762316B8D06 /* ofxBox2dPolygon.cpp */; };
		40F78A0B361694018902D4D5 /* b2WorldCallbacks.cpp in Sources */ = {isa = PBXBuildFile; fileRef = 02D3DF4509708024C570B6E8 /* b2WorldCallbacks.cpp */; };
		41C2F90EC069AFD448F4A2FC /* b2CollidePolygon.cpp in Sources */ = {isa = PBXBuildFile; fileRef = 1B7E31F1541B8372AB15C9BF /* b2CollidePolygon.cpp */; };
		4424F04C7831AEA2D5D65F0C /* ofxLSGrammarParametric.cpp in Sources */ = {isa = PBXBuildFile; fileRef = 654268BFCE0F497425BA16DA /* ofxLSGrammarParametric.cpp */; };
		499E198EDD090985780F452E /* b2EdgeShape.cpp in Sources */ = {isa = PBXBuildFile; fileRef = 006609CA27E41B37B4AF2AE2 /* b2EdgeShape.cpp */; };
		4A84BECA32C207AA2620DDD7 /* b2Draw.cpp in Sources */ = {isa = PBXBuildFile; fileRef = 046D45BF462EFED03B37DDA4 /* b2Draw.cpp */; };
		5072D9BA0B53F22A636D2A62 /* b2MotorJoint.cpp in Sources */ = {isa = PBXBuildFile; fileRef = 01AF13F91B84799BB4D43F71 /* b2MotorJoint.cpp */; };
		51A56CDB9E45DBD8BF75E26B /* b2ChainAndCircleContact.cpp in Sources */ = {isa = PBXBuildFile; fileRef = D59D9CDD3BCF2056017CDBED /* b2ChainAndCircleContact.cpp */; };
		554FC411BBE1E5A980DECCF3 /* b2EdgeAndPolygonContact.cpp in Sources */ = {isa = PBXBuildFile; fileRef = 503ED8DBFB7DE673C6640B5C /* b2EdgeAndPolygonContact.cpp */; };
		5D51E0405BF17DEDDC492264 /* b2WeldJoint.cpp in Sources */ = {isa = PBXBuildFile; fileRef = FA22F49A59A11A133B56A2D0 /* b2WeldJoint.cpp */; };
		603044E656EA8D499FCF7DEA /* ofxVectorGraphics.cpp in Sources */ = {isa = PBXBuildFile; fileRef = 318ABED90EADFB757FFDCCAF /* ofxVectorGraphics.cpp */; };
		654ABC493ED7C7C14CE3E4E0 /* ofxBox2dConvexPoly.cpp in Sources */ = {isa = PBXBuildFile; fileRef = D438DC6173AC17E3E3852664 /* ofxBox2dConvexPoly.cpp */; };
		71EB9701233C874488EBE94C /* ofxBox2dBaseShape.cpp in Sources */ = {isa = PBXBuildFile; fileRef = 2D561F49CB74B78249C230CD /* ofxBox2dBaseShape.cpp */; };
		72270EF36855481E2B7775FB /* b2Contact.cpp in Sources */ = {isa = PBXBuildFile; fileRef = 990E383A786036D938EC657D /* b2Contact.cpp */; };
		725D8505CCBB12697CDACF8F /* ofxBox2d.cpp in Sources */ = {isa = PBXBuildFile; fileRef = 7DDE2C1D8A7CA87FB0EC683C /* ofxBox2d.cpp */; };
		72BB5AF28DCE0202069D81ED /* b2Distance.cpp in Sources */ = {isa = PBXBuildFile; fileRef = 92DDFCEBCF61BC44542F7E70 /* b2Distance.cpp */; };
		7D28D6C44C7FE36732D8CA8D /* b2RopeJoint.cpp in Sources */ = {isa = PBXBuildFile; fileRef = DB684EA24374930A4CFD2C52 /* b2RopeJoint.cpp */; };
		7EB4CEBE2E3BA4DD8D1CAD23 /* b2PolygonContact.cpp in Sources */ = {isa = PBXBuildFile; fileRef = A5800196E869FE67FBBC7C14 /* b2PolygonContact.cpp */; };
		80B9671F952DC7DFFAC8FEE9 /* b2CollideEdge.cpp in Sources */ = {isa = PBXBuildFile; fileRef = AAE2529081EC996F2E903983 /* b2CollideEdge.cpp */; };
		84BD2117A957FFAFD01C8B27 /* b2RevoluteJoint.cpp in Sources */ = {isa = PBXBuildFile; fileRef = A7684C35F8D840004D2A9BF2 /* b2RevoluteJoint.cpp */; };
		854CB977FABE2FFBB121B8B7 /* b2ChainAndPolygonContact.cpp in Sources */ = {isa = PBXBuildFile; fileRef = 1298D389A46C1940EF08C12C /* b2ChainAndPolygonContact.cpp */; };
		8D05F689A29F09D04DAEB6E7 /* b2Island.cpp in Sources */ = {isa = PBXBuildFile; fileRef = 8510ABA0D998C43E421B8348 /* b2Island.cpp */; };
		8DFBAF8AE6E6FF35D7E0CB87 /* b2WheelJoint.cpp in Sources */ = {isa = PBXBuildFile; fileRef = C31F2D506000E9346C597A56 /* b2WheelJoint.cpp */; };
		8EC6215849B6BA1268A9D3EC /* ofxLSGSanitizer.cpp in Sources */ = {isa = PBXBuildFile; fileRef = F2089F233123226FA776A78A /* ofxLSGSanitizer.cpp */; };
		923EDCCF52117F38161D4C7C /* ofxLSGCondition.cpp in Sources */ = {isa = PBXBuildFile; fileRef = 661E31978408ADFC83D77420 /* ofxLSGCondition.cpp */; };
		992DF899E9B87260416A8B14 /* b2CollideCircle.cpp in Sources */ = {isa = PBXBuildFile; fileRef = 0576E4AB8C60B3C2248F6923 /* b2CollideCircle.cpp */; };
		A3C47F1FB7F33C47C17791BC /* b2FrictionJoint.cpp in Sources */ = {isa = PBXBuildFile; fileRef = 0EA356F353B695C5E814ECD7 /* b2FrictionJoint.cpp */; };
		A5E7912F48FFF03FB5D26EE4 /* del_impl.cpp in Sources */ = {isa = PBXBuildFile; fileRef = CCADC54BC8EFEB781BBDE585 /* del_impl.cpp */; };
		A94076BF037453167CC69CBF /* b2ContactSolver.cpp in Sources */ = {isa = PBXBuildFile; fileRef = 8E4CF620C82CBBDA324D8805 /* b2ContactSolver.cpp */; };
		AB85EEAD2C837F3E846F0FF0 /* b2BroadPhase.cpp in Sources */ = {isa = PBXBuildFile; fileRef = DB7322EBC6D13850B635F568 /* b2BroadPhase.cpp */; };
		AC9912B5C4FB818DA26AC249 /* b2Math.cpp in Sources */ = {isa = PBXBuildFile; fileRef = DCE492DC0973A8BB997A68EC /* b2Math.cpp */; };
		B30B4F68490970C80A859914 /* b2TimeOfImpact.cpp in Sources */ = {isa = PBXBuildFile; fileRef = 280FCA2C2EC81ECB11E9C908 /* b2TimeOfImpact.cpp */; };
		B38CF31E799AA099F54EC292 /* b2Body.cpp in Sources */ = {isa = PBXBuildFile; fileRef = 9E5D476CD705802FFB6DFA45 /* b2Body.cpp */; };
		B703D86CA8F925D38B03403A /* b2EdgeAndCircleContact.cpp in Sources */ = {isa = PBXBuildFile; fileRef = A00CB10D65BC6FEB8B35B12C /* b2EdgeAndCircleContact.cpp */; };
		B7C54395FA706CAFAA7AA705 /* ofxLSGRuleParametric.cpp in Sources */ = {isa = PBXBuildFile; fileRef = 5F3C11576300B6F9B8446009 /* ofxLSGRuleParametric.cpp */; };
		BD0466E9AE010FA1678969DF /* ofxLSGrammarStochastic.cpp in Sources */ = {isa = PBXBuildFile; fileRef = 089B3ACD7D4F0C7860E60EC6 /* ofxLSGrammarStochastic.cpp */; };
		C1D4F73511AC1F77CA1087AB /* b2CircleShape.cpp in Sources */ = {isa = PBXBuildFile; fileRef = 450E29F7C6D256EC3A4CE5FE /* b2CircleShape.cpp */; };
		C55B7B2224ACC1A8A625A5D8 /* b2PrismaticJoint.cpp in Sources */ = {isa = PBXBuildFile; fileRef = B4A20AB38EEA4D71FD630848 /* b2PrismaticJoint.cpp */; };
		C73E090EBB58CD3BE832D6C9 /* ofxLSystemGrammar.cpp in Sources */ = {isa = PBXBuildFile; fileRef = E508C9CFE7673BD62E112E6F /* ofxLSystemGrammar.cpp */; };
		CA055C8D0AE9EE880300D106 /* b2ChainShape.cpp in Sources */ = {isa = PBXBuildFile; fileRef = 14233A88569422D324CB7466 /* b2ChainShape.cpp */; };
		CCB4C8F184E05E30BA459FBD /* b2DistanceJoint.cpp in Sources */ = {isa = PBXBuildFile; fileRef = 288456BE14BA1912D5014446 /* b2DistanceJoint.cpp */; };
		CDD46B8A1E5B0CC7F4CAA7A0 /* ofxBox2dJoint.cpp in Sources */ = {isa = PBXBuildFile; fileRef = 4A181553F7FBBFCD5EB193DB /* ofxBox2dJoint.cpp */; };
		D1BE59FFD20CD341CEA4AEA4 /* b2Rope.cpp in Sources */ = {isa = PBXBuildFile; fileRef = 0E8390507FB4D9D0E3C46BA5 /* b2Rope.cpp */; };
		D3195B2C0B8CD827E098F920 /* b2MouseJoint.cpp in Sources */ = {isa = PBXBuildFile; fileRef = A2C85CC8DEE78815D04DBC13 /* b2MouseJoint.cpp */; };
		E4328149138ABC9F0047C5CB /* openFrameworksDebug.a in Frameworks */ = {isa = PBXBuildFile; fileRef = E4328148138ABC890047C5CB /* openFrameworksDebug.a */; };
		E4340546668B73D0ED9485D0 /* b2PolygonShape.cpp in Sources */ = {isa = PBXBuildFile; fileRef = FBBA46FEEF202391056A928F /* b2PolygonShape.cpp */; };
		E4B69E200A3A1BDC003C02F2 /* main.cpp in Sources */ = {isa = PBXBuildFile; fileRef = E4B69E1D0A3A1BDC003C02F2 /* main.cpp */; };
		E4B69E210A3A1BDC003C02F2 /* ofApp.cpp in Sources */ = {isa = PBXBuildFile; fileRef = E4B69E1E0A3A1BDC003C02F2 /* ofApp.cpp */; };
		EAC807FA1DCECE0C69AD74F4 /* ofxBox2dRect.cpp in Sources */ = {isa = PBXBuildFile; fileRef = 318860A667B83A5D2302A06E /* ofxBox2dRect.cpp */; };
		F01092BB147FA462845C38C7 /* CreEPS.cpp in Sources */ = {isa = PBXBuildFile; fileRef = 34BF591C646B5F6EF968D620 /* CreEPS.cpp */; };
		F3058C379179EE8D55F2A418 /* b2Collision.cpp in Sources */ = {isa = PBXBuildFile; fileRef = 8B85FFD6F6B5C788BC78EAE0 /* b2Collision.cpp */; };
		F8FC6FD5082B2BDAA70F7C96 /* b2ContactManager.cpp in Sources */ = {isa = PBXBuildFile; fileRef = 8CB5CAD5BCDC8175260DB9FE /* b2ContactManager.cpp */; };
		FA9A659517351CB653383D5B /* ofxLSGrammarDetector.cpp in Sources */ = {isa = PBXBuildFile; fileRef = 33ECCDDCEF6186555914248F /* ofxLSGrammarDetector.cpp */; };
		FCA2F83BC3F0E8592F1ECEC3 /* ofxLSGrammarStandard.cpp in Sources */ = {isa = PBXBuildFile; fileRef = 406C135B15A112E096185491 /* ofxLSGrammarStandard.cpp */; };
		FE206D6C3B50FEA2B36C1CF3 /* ofxBox2dCircle.cpp in Sources */ = {isa = PBXBuildFile; fileRef = FF30C35BA43A053A87B3F1A7 /* ofxBox2dCircle.cpp */; };
		FFBD8E309D29E3128C02C74C /* b2CircleContact.cpp in Sources */ = {isa = PBXBuildFile; fileRef = 32AEAAAD310918C2D61EF2BF /* b2CircleContact.cpp */; };
		FFE735CD2E5FB7E029FF2186 /* b2Fixture.cpp in Sources */ = {isa = PBXBuildFile; fileRef = EF70169713670D5DC3009C77 /* b2Fixture.cpp */; };
/* End PBXBuildFile section */

/* Begin PBXContainerItemProxy section */
		E4328147138ABC890047C5CB /* PBXContainerItemProxy */ = {
			isa = PBXContainerItemProxy;
			containerPortal = E4328143138ABC890047C5CB /* openFrameworksLib.xcodeproj */;
			proxyType = 2;
			remoteGlobalIDString = E4B27C1510CBEB8E00536013;
			remoteInfo = openFrameworks;
		};
		E4EEB9AB138B136A00A80321 /* PBXContainerItemProxy */ = {
			isa = PBXContainerItemProxy;
			containerPortal = E4328143138ABC890047C5CB /* openFrameworksLib.xcodeproj */;
			proxyType = 1;
			remoteGlobalIDString = E4B27C1410CBEB8E00536013;
			remoteInfo = openFrameworks;
		};
/* End PBXContainerItemProxy section */

/* Begin PBXCopyFilesBuildPhase section */
		E4C2427710CC5ABF004149E2 /* CopyFiles */ = {
			isa = PBXCopyFilesBuildPhase;
			buildActionMask = 2147483647;
			dstPath = "";
			dstSubfolderSpec = 10;
			files = (
			);
			runOnlyForDeploymentPostprocessing = 0;
		};
/* End PBXCopyFilesBuildPhase section */

/* Begin PBXFileReference section */
		006609CA27E41B37B4AF2AE2 /* b2EdgeShape.cpp */ = {isa = PBXFileReference; explicitFileType = sourcecode.cpp.cpp; fileEncoding = 30; name = b2EdgeShape.cpp; path = "../../../addons/ofxBox2d-stable/libs/Box2D/Collision/Shapes/b2EdgeShape.cpp"; sourceTree = SOURCE_ROOT; };
		01AF13F91B84799BB4D43F71 /* b2MotorJoint.cpp */ = {isa = PBXFileReference; explicitFileType = sourcecode.cpp.cpp; fileEncoding = 30; name = b2MotorJoint.cpp; path = "../../../addons/ofxBox2d-stable/libs/Box2D/Dynamics/Joints/b2MotorJoint.cpp"; sourceTree = SOURCE_ROOT; };
		02D3DF4509708024C570B6E8 /* b2WorldCallbacks.cpp */ = {isa = PBXFileReference; explicitFileType = sourcecode.cpp.cpp; fileEncoding = 30; name = b2WorldCallbacks.cpp; path = "../../../addons/ofxBox2d-stable/libs/Box2D/Dynamics/b2WorldCallbacks.cpp"; sourceTree = SOURCE_ROOT; };
		02F35EF54A2DDA13A1FF9B92 /* b2ChainAndCircleContact.h */ = {isa = PBXFileReference; explicitFileType = sourcecode.c.h; fileEncoding = 30; name = b2ChainAndCircleContact.h; path = "../../../addons/ofxBox2d-stable/libs/Box2D/Dynamics/Contacts/b2ChainAndCircleContact.h"; sourceTree = SOURCE_ROOT; };
		03088E669B8D7BA7D65DD199 /* b2DistanceJoint.h */ = {isa = PBXFileReference; explicitFileType = sourcecode.c.h; fileEncoding = 30; name = b2DistanceJoint.h; path = "../../../addons/ofxBox2d-stable/libs/Box2D/Dynamics/Joints/b2DistanceJoint.h"; sourceTree = SOURCE_ROOT; };
		046D45BF462EFED03B37DDA4 /* b2Draw.cpp */ = {isa = PBXFileReference; explicitFileType = sourcecode.cpp.cpp; fileEncoding = 30; name = b2Draw.cpp; path = "../../../addons/ofxBox2d-stable/libs/Box2D/Common/b2Draw.cpp"; sourceTree = SOURCE_ROOT; };
		0576E4AB8C60B3C2248F6923 /* b2CollideCircle.cpp */ = {isa = PBXFileReference; explicitFileType = sourcecode.cpp.cpp; fileEncoding = 30; name = b2CollideCircle.cpp; path = "../../../addons/ofxBox2d-stable/libs/Box2D/Collision/b2CollideCircle.cpp"; sourceTree = SOURCE_ROOT; };
		06407B62586EEBCF63428B31 /* b2StackAllocator.h */ = {isa = PBXFileReference; explicitFileType = sourcecode.c.h; fileEncoding = 30; name = b2StackAllocator.h; path = "../../../addons/ofxBox2d-stable/libs/Box2D/Common/b2StackAllocator.h"; sourceTree = SOURCE_ROOT; };
		0793633AE22A619F4384C2DE /* b2PolygonAndCircleContact.cpp */ = {isa = PBXFileReference; explicitFileType = sourcecode.cpp.cpp; fileEncoding = 30; name = b2PolygonAndCircleContact.cpp; path = "../../../addons/ofxBox2d-stable/libs/Box2D/Dynamics/Contacts/b2PolygonAndCircleContact.cpp"; sourceTree = SOURCE_ROOT; };
		085595925F8B1DC8662D2B5D /* b2Fixture.h */ = {isa = PBXFileReference; explicitFileType = sourcecode.c.h; fileEncoding = 30; name = b2Fixture.h; path = "../../../addons/ofxBox2d-stable/libs/Box2D/Dynamics/b2Fixture.h"; sourceTree = SOURCE_ROOT; };
		089B3ACD7D4F0C7860E60EC6 /* ofxLSGrammarStochastic.cpp */ = {isa = PBXFileReference; explicitFileType = sourcecode.cpp.cpp; fileEncoding = 30; name = ofxLSGrammarStochastic.cpp; path = "../../../addons/ofxLSystemGrammar-master/src/ofxLSGrammarStochastic.cpp"; sourceTree = SOURCE_ROOT; };
		089F0AEAD89C1846591F59FC /* b2Settings.h */ = {isa = PBXFileReference; explicitFileType = sourcecode.c.h; fileEncoding = 30; name = b2Settings.h; path = "../../../addons/ofxBox2d-stable/libs/Box2D/Common/b2Settings.h"; sourceTree = SOURCE_ROOT; };
		0D1CCDC97B25EEAF98F93E56 /* b2WeldJoint.h */ = {isa = PBXFileReference; explicitFileType = sourcecode.c.h; fileEncoding = 30; name = b2WeldJoint.h; path = "../../../addons/ofxBox2d-stable/libs/Box2D/Dynamics/Joints/b2WeldJoint.h"; sourceTree = SOURCE_ROOT; };
		0E8390507FB4D9D0E3C46BA5 /* b2Rope.cpp */ = {isa = PBXFileReference; explicitFileType = sourcecode.cpp.cpp; fileEncoding = 30; name = b2Rope.cpp; path = "../../../addons/ofxBox2d-stable/libs/Box2D/Rope/b2Rope.cpp"; sourceTree = SOURCE_ROOT; };
		0EA356F353B695C5E814ECD7 /* b2FrictionJoint.cpp */ = {isa = PBXFileReference; explicitFileType = sourcecode.cpp.cpp; fileEncoding = 30; name = b2FrictionJoint.cpp; path = "../../../addons/ofxBox2d-stable/libs/Box2D/Dynamics/Joints/b2FrictionJoint.cpp"; sourceTree = SOURCE_ROOT; };
		1102BACABCA3EF2BF65428A9 /* ofxBox2dUtils.h */ = {isa = PBXFileReference; explicitFileType = sourcecode.c.h; fileEncoding = 30; name = ofxBox2dUtils.h; path = "../../../addons/ofxBox2d-stable/src/ofxBox2dUtils.h"; sourceTree = SOURCE_ROOT; };
		1140453199459B31F314A57C /* ofxLSGOperation.cpp */ = {isa = PBXFileReference; explicitFileType = sourcecode.cpp.cpp; fileEncoding = 30; name = ofxLSGOperation.cpp; path = "../../../addons/ofxLSystemGrammar-master/src/ofxLSGOperation.cpp"; sourceTree = SOURCE_ROOT; };
		11D7A477920A2054FD49C2D2 /* CreEPS_Types.hpp */ = {isa = PBXFileReference; explicitFileType = sourcecode.c.h; fileEncoding = 30; name = CreEPS_Types.hpp; path = ../../../addons/ofxVectorGraphics/libs/CreEPS_Types.hpp; sourceTree = SOURCE_ROOT; };
		1298D389A46C1940EF08C12C /* b2ChainAndPolygonContact.cpp */ = {isa = PBXFileReference; explicitFileType = sourcecode.cpp.cpp; fileEncoding = 30; name = b2ChainAndPolygonContact.cpp; path = "../../../addons/ofxBox2d-stable/libs/Box2D/Dynamics/Contacts/b2ChainAndPolygonContact.cpp"; sourceTree = SOURCE_ROOT; };
		13117B8717660B203FC9508F /* b2EdgeAndCircleContact.h */ = {isa = PBXFileReference; explicitFileType = sourcecode.c.h; fileEncoding = 30; name = b2EdgeAndCircleContact.h; path = "../../../addons/ofxBox2d-stable/libs/Box2D/Dynamics/Contacts/b2EdgeAndCircleContact.h"; sourceTree = SOURCE_ROOT; };
		13CE1DE25179F6A4F04A5DB3 /* b2Body.h */ = {isa = PBXFileReference; explicitFileType = sourcecode.c.h; fileEncoding = 30; name = b2Body.h; path = "../../../addons/ofxBox2d-stable/libs/Box2D/Dynamics/b2Body.h"; sourceTree = SOURCE_ROOT; };
		14233A88569422D324CB7466 /* b2ChainShape.cpp */ = {isa = PBXFileReference; explicitFileType = sourcecode.cpp.cpp; fileEncoding = 30; name = b2ChainShape.cpp; path = "../../../addons/ofxBox2d-stable/libs/Box2D/Collision/Shapes/b2ChainShape.cpp"; sourceTree = SOURCE_ROOT; };
		151DBAA0C480A8D8CBFE46A0 /* ofxLSGSanitizer.h */ = {isa = PBXFileReference; explicitFileType = sourcecode.c.h; fileEncoding = 30; name = ofxLSGSanitizer.h; path = "../../../addons/ofxLSystemGrammar-master/src/ofxLSGSanitizer.h"; sourceTree = SOURCE_ROOT; };
		1683AC6A1F0D3070F852239C /* b2TimeOfImpact.h */ = {isa = PBXFileReference; explicitFileType = sourcecode.c.h; fileEncoding = 30; name = b2TimeOfImpact.h; path = "../../../addons/ofxBox2d-stable/libs/Box2D/Collision/b2TimeOfImpact.h"; sourceTree = SOURCE_ROOT; };
		17894DE26A5C731701CAA9C7 /* b2PrismaticJoint.h */ = {isa = PBXFileReference; explicitFileType = sourcecode.c.h; fileEncoding = 30; name = b2PrismaticJoint.h; path = "../../../addons/ofxBox2d-stable/libs/Box2D/Dynamics/Joints/b2PrismaticJoint.h"; sourceTree = SOURCE_ROOT; };
		191F19745E5AF6F08297618A /* ofxBox2dCircle.h */ = {isa = PBXFileReference; explicitFileType = sourcecode.c.h; fileEncoding = 30; name = ofxBox2dCircle.h; path = "../../../addons/ofxBox2d-stable/src/ofxBox2dCircle.h"; sourceTree = SOURCE_ROOT; };
		1A556B7B3FC7B2316ED2FAF9 /* b2Draw.h */ = {isa = PBXFileReference; explicitFileType = sourcecode.c.h; fileEncoding = 30; name = b2Draw.h; path = "../../../addons/ofxBox2d-stable/libs/Box2D/Common/b2Draw.h"; sourceTree = SOURCE_ROOT; };
		1A777DAFA6B5ED675ED24201 /* ofxBox2dEdge.h */ = {isa = PBXFileReference; explicitFileType = sourcecode.c.h; fileEncoding = 30; name = ofxBox2dEdge.h; path = "../../../addons/ofxBox2d-stable/src/ofxBox2dEdge.h"; sourceTree = SOURCE_ROOT; };
		1B58C67C29CED20603629687 /* ofxBox2dJoint.h */ = {isa = PBXFileReference; explicitFileType = sourcecode.c.h; fileEncoding = 30; name = ofxBox2dJoint.h; path = "../../../addons/ofxBox2d-stable/src/ofxBox2dJoint.h"; sourceTree = SOURCE_ROOT; };
		1B7E31F1541B8372AB15C9BF /* b2CollidePolygon.cpp */ = {isa = PBXFileReference; explicitFileType = sourcecode.cpp.cpp; fileEncoding = 30; name = b2CollidePolygon.cpp; path = "../../../addons/ofxBox2d-stable/libs/Box2D/Collision/b2CollidePolygon.cpp"; sourceTree = SOURCE_ROOT; };
		1D1C36F8E34B8F776588D509 /* ofxLSGUtils.h */ = {isa = PBXFileReference; explicitFileType = sourcecode.c.h; fileEncoding = 30; name = ofxLSGUtils.h; path = "../../../addons/ofxLSystemGrammar-master/src/ofxLSGUtils.h"; sourceTree = SOURCE_ROOT; };
		21F11128095A0F0A644387E9 /* b2MotorJoint.h */ = {isa = PBXFileReference; explicitFileType = sourcecode.c.h; fileEncoding = 30; name = b2MotorJoint.h; path = "../../../addons/ofxBox2d-stable/libs/Box2D/Dynamics/Joints/b2MotorJoint.h"; sourceTree = SOURCE_ROOT; };
		24836A5D3CDCFF231555BABC /* triangle.h */ = {isa = PBXFileReference; explicitFileType = sourcecode.c.h; fileEncoding = 30; name = triangle.h; path = "../../../addons/ofxBox2d-stable/libs/triangle/triangle.h"; sourceTree = SOURCE_ROOT; };
		25CF751DCFAAA6BBE1D8C40A /* del_interface.hpp */ = {isa = PBXFileReference; explicitFileType = sourcecode.c.h; fileEncoding = 30; name = del_interface.hpp; path = "../../../addons/ofxBox2d-stable/libs/triangle/del_interface.hpp"; sourceTree = SOURCE_ROOT; };
		280FCA2C2EC81ECB11E9C908 /* b2TimeOfImpact.cpp */ = {isa = PBXFileReference; explicitFileType = sourcecode.cpp.cpp; fileEncoding = 30; name = b2TimeOfImpact.cpp; path = "../../../addons/ofxBox2d-stable/libs/Box2D/Collision/b2TimeOfImpact.cpp"; sourceTree = SOURCE_ROOT; };
		288456BE14BA1912D5014446 /* b2DistanceJoint.cpp */ = {isa = PBXFileReference; explicitFileType = sourcecode.cpp.cpp; fileEncoding = 30; name = b2DistanceJoint.cpp; path = "../../../addons/ofxBox2d-stable/libs/Box2D/Dynamics/Joints/b2DistanceJoint.cpp"; sourceTree = SOURCE_ROOT; };
		2D561F49CB74B78249C230CD /* ofxBox2dBaseShape.cpp */ = {isa = PBXFileReference; explicitFileType = sourcecode.cpp.cpp; fileEncoding = 30; name = ofxBox2dBaseShape.cpp; path = "../../../addons/ofxBox2d-stable/src/ofxBox2dBaseShape.cpp"; sourceTree = SOURCE_ROOT; };
		318860A667B83A5D2302A06E /* ofxBox2dRect.cpp */ = {isa = PBXFileReference; explicitFileType = sourcecode.cpp.cpp; fileEncoding = 30; name = ofxBox2dRect.cpp; path = "../../../addons/ofxBox2d-stable/src/ofxBox2dRect.cpp"; sourceTree = SOURCE_ROOT; };
		318ABED90EADFB757FFDCCAF /* ofxVectorGraphics.cpp */ = {isa = PBXFileReference; explicitFileType = sourcecode.cpp.cpp; fileEncoding = 30; name = ofxVectorGraphics.cpp; path = ../../../addons/ofxVectorGraphics/src/ofxVectorGraphics.cpp; sourceTree = SOURCE_ROOT; };
		32AEAAAD310918C2D61EF2BF /* b2CircleContact.cpp */ = {isa = PBXFileReference; explicitFileType = sourcecode.cpp.cpp; fileEncoding = 30; name = b2CircleContact.cpp; path = "../../../addons/ofxBox2d-stable/libs/Box2D/Dynamics/Contacts/b2CircleContact.cpp"; sourceTree = SOURCE_ROOT; };
		33E882D9F80280C9CDD65B1A /* b2PolygonShape.h */ = {isa = PBXFileReference; explicitFileType = sourcecode.c.h; fileEncoding = 30; name = b2PolygonShape.h; path = "../../../addons/ofxBox2d-stable/libs/Box2D/Collision/Shapes/b2PolygonShape.h"; sourceTree = SOURCE_ROOT; };
		33ECCDDCEF6186555914248F /* ofxLSGrammarDetector.cpp */ = {isa = PBXFileReference; explicitFileType = sourcecode.cpp.cpp; fileEncoding = 30; name = ofxLSGrammarDetector.cpp; path = "../../../addons/ofxLSystemGrammar-master/src/ofxLSGrammarDetector.cpp"; sourceTree = SOURCE_ROOT; };
		34BF591C646B5F6EF968D620 /* CreEPS.cpp */ = {isa = PBXFileReference; explicitFileType = sourcecode.cpp.cpp; fileEncoding = 30; name = CreEPS.cpp; path = ../../../addons/ofxVectorGraphics/libs/CreEPS.cpp; sourceTree = SOURCE_ROOT; };
		356C9B5FB89CDD6237DA80FB /* ofxLSGrammarStandard.h */ = {isa = PBXFileReference; explicitFileType = sourcecode.c.h; fileEncoding = 30; name = ofxLSGrammarStandard.h; path = "../../../addons/ofxLSystemGrammar-master/src/ofxLSGrammarStandard.h"; sourceTree = SOURCE_ROOT; };
		38BD78D98BB5BC9B67FDC7B1 /* b2DynamicTree.h */ = {isa = PBXFileReference; explicitFileType = sourcecode.c.h; fileEncoding = 30; name = b2DynamicTree.h; path = "../../../addons/ofxBox2d-stable/libs/Box2D/Collision/b2DynamicTree.h"; sourceTree = SOURCE_ROOT; };
		38E011397A776C8AB1E054A5 /* ofxLSGRuleStochastic.h */ = {isa = PBXFileReference; explicitFileType = sourcecode.c.h; fileEncoding = 30; name = ofxLSGRuleStochastic.h; path = "../../../addons/ofxLSystemGrammar-master/src/ofxLSGRuleStochastic.h"; sourceTree = SOURCE_ROOT; };
		3F770063FF33D740AF18908E /* b2BlockAllocator.h */ = {isa = PBXFileReference; explicitFileType = sourcecode.c.h; fileEncoding = 30; name = b2BlockAllocator.h; path = "../../../addons/ofxBox2d-stable/libs/Box2D/Common/b2BlockAllocator.h"; sourceTree = SOURCE_ROOT; };
		3FD6E2AE49352A3682F6981C /* b2WorldCallbacks.h */ = {isa = PBXFileReference; explicitFileType = sourcecode.c.h; fileEncoding = 30; name = b2WorldCallbacks.h; path = "../../../addons/ofxBox2d-stable/libs/Box2D/Dynamics/b2WorldCallbacks.h"; sourceTree = SOURCE_ROOT; };
		406C135B15A112E096185491 /* ofxLSGrammarStandard.cpp */ = {isa = PBXFileReference; explicitFileType = sourcecode.cpp.cpp; fileEncoding = 30; name = ofxLSGrammarStandard.cpp; path = "../../../addons/ofxLSystemGrammar-master/src/ofxLSGrammarStandard.cpp"; sourceTree = SOURCE_ROOT; };
		446B0E8C9C410903F0047433 /* b2Contact.h */ = {isa = PBXFileReference; explicitFileType = sourcecode.c.h; fileEncoding = 30; name = b2Contact.h; path = "../../../addons/ofxBox2d-stable/libs/Box2D/Dynamics/Contacts/b2Contact.h"; sourceTree = SOURCE_ROOT; };
		44863030DEDAE762316B8D06 /* ofxBox2dPolygon.cpp */ = {isa = PBXFileReference; explicitFileType = sourcecode.cpp.cpp; fileEncoding = 30; name = ofxBox2dPolygon.cpp; path = "../../../addons/ofxBox2d-stable/src/ofxBox2dPolygon.cpp"; sourceTree = SOURCE_ROOT; };
		450E29F7C6D256EC3A4CE5FE /* b2CircleShape.cpp */ = {isa = PBXFileReference; explicitFileType = sourcecode.cpp.cpp; fileEncoding = 30; name = b2CircleShape.cpp; path = "../../../addons/ofxBox2d-stable/libs/Box2D/Collision/Shapes/b2CircleShape.cpp"; sourceTree = SOURCE_ROOT; };
		45AB7EB97EC358DC67770C64 /* b2TimeStep.h */ = {isa = PBXFileReference; explicitFileType = sourcecode.c.h; fileEncoding = 30; name = b2TimeStep.h; path = "../../../addons/ofxBox2d-stable/libs/Box2D/Dynamics/b2TimeStep.h"; sourceTree = SOURCE_ROOT; };
		48A911D9BFD2AB46B9787F0C /* ofxLSGRuleParametric.h */ = {isa = PBXFileReference; explicitFileType = sourcecode.c.h; fileEncoding = 30; name = ofxLSGRuleParametric.h; path = "../../../addons/ofxLSystemGrammar-master/src/ofxLSGRuleParametric.h"; sourceTree = SOURCE_ROOT; };
		48E35A72E1D48CBA50E4F4E5 /* b2Timer.cpp */ = {isa = PBXFileReference; explicitFileType = sourcecode.cpp.cpp; fileEncoding = 30; name = b2Timer.cpp; path = "../../../addons/ofxBox2d-stable/libs/Box2D/Common/b2Timer.cpp"; sourceTree = SOURCE_ROOT; };
		4A181553F7FBBFCD5EB193DB /* ofxBox2dJoint.cpp */ = {isa = PBXFileReference; explicitFileType = sourcecode.cpp.cpp; fileEncoding = 30; name = ofxBox2dJoint.cpp; path = "../../../addons/ofxBox2d-stable/src/ofxBox2dJoint.cpp"; sourceTree = SOURCE_ROOT; };
		4B5FC62BEE9CFE16EFF68641 /* ofxLSGrammarStochastic.h */ = {isa = PBXFileReference; explicitFileType = sourcecode.c.h; fileEncoding = 30; name = ofxLSGrammarStochastic.h; path = "../../../addons/ofxLSystemGrammar-master/src/ofxLSGrammarStochastic.h"; sourceTree = SOURCE_ROOT; };
		4C7197D3D0D9E5A10B857B30 /* b2Rope.h */ = {isa = PBXFileReference; explicitFileType = sourcecode.c.h; fileEncoding = 30; name = b2Rope.h; path = "../../../addons/ofxBox2d-stable/libs/Box2D/Rope/b2Rope.h"; sourceTree = SOURCE_ROOT; };
		4FD62F7D6A4AD29AA46F331A /* b2Island.h */ = {isa = PBXFileReference; explicitFileType = sourcecode.c.h; fileEncoding = 30; name = b2Island.h; path = "../../../addons/ofxBox2d-stable/libs/Box2D/Dynamics/b2Island.h"; sourceTree = SOURCE_ROOT; };
		503ED8DBFB7DE673C6640B5C /* b2EdgeAndPolygonContact.cpp */ = {isa = PBXFileReference; explicitFileType = sourcecode.cpp.cpp; fileEncoding = 30; name = b2EdgeAndPolygonContact.cpp; path = "../../../addons/ofxBox2d-stable/libs/Box2D/Dynamics/Contacts/b2EdgeAndPolygonContact.cpp"; sourceTree = SOURCE_ROOT; };
		53A0114078E3760888712164 /* b2GearJoint.h */ = {isa = PBXFileReference; explicitFileType = sourcecode.c.h; fileEncoding = 30; name = b2GearJoint.h; path = "../../../addons/ofxBox2d-stable/libs/Box2D/Dynamics/Joints/b2GearJoint.h"; sourceTree = SOURCE_ROOT; };
		58724B14781F9BFCB2D77BD1 /* ofxLSGrammarParametric.h */ = {isa = PBXFileReference; explicitFileType = sourcecode.c.h; fileEncoding = 30; name = ofxLSGrammarParametric.h; path = "../../../addons/ofxLSystemGrammar-master/src/ofxLSGrammarParametric.h"; sourceTree = SOURCE_ROOT; };
		5A770B5A5A94B7D1640DA37B /* ofxBox2dRender.h */ = {isa = PBXFileReference; explicitFileType = sourcecode.c.h; fileEncoding = 30; name = ofxBox2dRender.h; path = "../../../addons/ofxBox2d-stable/src/ofxBox2dRender.h"; sourceTree = SOURCE_ROOT; };
		5F3C11576300B6F9B8446009 /* ofxLSGRuleParametric.cpp */ = {isa = PBXFileReference; explicitFileType = sourcecode.cpp.cpp; fileEncoding = 30; name = ofxLSGRuleParametric.cpp; path = "../../../addons/ofxLSystemGrammar-master/src/ofxLSGRuleParametric.cpp"; sourceTree = SOURCE_ROOT; };
		654268BFCE0F497425BA16DA /* ofxLSGrammarParametric.cpp */ = {isa = PBXFileReference; explicitFileType = sourcecode.cpp.cpp; fileEncoding = 30; name = ofxLSGrammarParametric.cpp; path = "../../../addons/ofxLSystemGrammar-master/src/ofxLSGrammarParametric.cpp"; sourceTree = SOURCE_ROOT; };
		661E31978408ADFC83D77420 /* ofxLSGCondition.cpp */ = {isa = PBXFileReference; explicitFileType = sourcecode.cpp.cpp; fileEncoding = 30; name = ofxLSGCondition.cpp; path = "../../../addons/ofxLSystemGrammar-master/src/ofxLSGCondition.cpp"; sourceTree = SOURCE_ROOT; };
		6885F62D1F90EE1F92B5B192 /* b2WheelJoint.h */ = {isa = PBXFileReference; explicitFileType = sourcecode.c.h; fileEncoding = 30; name = b2WheelJoint.h; path = "../../../addons/ofxBox2d-stable/libs/Box2D/Dynamics/Joints/b2WheelJoint.h"; sourceTree = SOURCE_ROOT; };
		68FFEEA8E31E874A5DD4252E /* b2ContactManager.h */ = {isa = PBXFileReference; explicitFileType = sourcecode.c.h; fileEncoding = 30; name = b2ContactManager.h; path = "../../../addons/ofxBox2d-stable/libs/Box2D/Dynamics/b2ContactManager.h"; sourceTree = SOURCE_ROOT; };
		6BA81E5DB78BE144E38B930D /* b2World.cpp */ = {isa = PBXFileReference; explicitFileType = sourcecode.cpp.cpp; fileEncoding = 30; name = b2World.cpp; path = "../../../addons/ofxBox2d-stable/libs/Box2D/Dynamics/b2World.cpp"; sourceTree = SOURCE_ROOT; };
		6E6588205BF91C829B84E0B0 /* b2Joint.cpp */ = {isa = PBXFileReference; explicitFileType = sourcecode.cpp.cpp; fileEncoding = 30; name = b2Joint.cpp; path = "../../../addons/ofxBox2d-stable/libs/Box2D/Dynamics/Joints/b2Joint.cpp"; sourceTree = SOURCE_ROOT; };
		6EDA3797D42DC04ACA4814BF /* b2ContactSolver.h */ = {isa = PBXFileReference; explicitFileType = sourcecode.c.h; fileEncoding = 30; name = b2ContactSolver.h; path = "../../../addons/ofxBox2d-stable/libs/Box2D/Dynamics/Contacts/b2ContactSolver.h"; sourceTree = SOURCE_ROOT; };
		700878F57BD30ECA16C65DBE /* b2Shape.h */ = {isa = PBXFileReference; explicitFileType = sourcecode.c.h; fileEncoding = 30; name = b2Shape.h; path = "../../../addons/ofxBox2d-stable/libs/Box2D/Collision/Shapes/b2Shape.h"; sourceTree = SOURCE_ROOT; };
		71B4517572151A984F7857E0 /* b2Math.h */ = {isa = PBXFileReference; explicitFileType = sourcecode.c.h; fileEncoding = 30; name = b2Math.h; path = "../../../addons/ofxBox2d-stable/libs/Box2D/Common/b2Math.h"; sourceTree = SOURCE_ROOT; };
		727FFA68E6D6F1CD8AF4A804 /* b2DynamicTree.cpp */ = {isa = PBXFileReference; explicitFileType = sourcecode.cpp.cpp; fileEncoding = 30; name = b2DynamicTree.cpp; path = "../../../addons/ofxBox2d-stable/libs/Box2D/Collision/b2DynamicTree.cpp"; sourceTree = SOURCE_ROOT; };
		762DE828D651065370B88739 /* b2Collision.h */ = {isa = PBXFileReference; explicitFileType = sourcecode.c.h; fileEncoding = 30; name = b2Collision.h; path = "../../../addons/ofxBox2d-stable/libs/Box2D/Collision/b2Collision.h"; sourceTree = SOURCE_ROOT; };
		7DDE2C1D8A7CA87FB0EC683C /* ofxBox2d.cpp */ = {isa = PBXFileReference; explicitFileType = sourcecode.cpp.cpp; fileEncoding = 30; name = ofxBox2d.cpp; path = "../../../addons/ofxBox2d-stable/src/ofxBox2d.cpp"; sourceTree = SOURCE_ROOT; };
		8071538573243FAF0AEC5AE0 /* b2FrictionJoint.h */ = {isa = PBXFileReference; explicitFileType = sourcecode.c.h; fileEncoding = 30; name = b2FrictionJoint.h; path = "../../../addons/ofxBox2d-stable/libs/Box2D/Dynamics/Joints/b2FrictionJoint.h"; sourceTree = SOURCE_ROOT; };
		8510ABA0D998C43E421B8348 /* b2Island.cpp */ = {isa = PBXFileReference; explicitFileType = sourcecode.cpp.cpp; fileEncoding = 30; name = b2Island.cpp; path = "../../../addons/ofxBox2d-stable/libs/Box2D/Dynamics/b2Island.cpp"; sourceTree = SOURCE_ROOT; };
		8A9369B8DAE615DA1C2B41A1 /* b2GrowableStack.h */ = {isa = PBXFileReference; explicitFileType = sourcecode.c.h; fileEncoding = 30; name = b2GrowableStack.h; path = "../../../addons/ofxBox2d-stable/libs/Box2D/Common/b2GrowableStack.h"; sourceTree = SOURCE_ROOT; };
		8B85FFD6F6B5C788BC78EAE0 /* b2Collision.cpp */ = {isa = PBXFileReference; explicitFileType = sourcecode.cpp.cpp; fileEncoding = 30; name = b2Collision.cpp; path = "../../../addons/ofxBox2d-stable/libs/Box2D/Collision/b2Collision.cpp"; sourceTree = SOURCE_ROOT; };
		8CB5CAD5BCDC8175260DB9FE /* b2ContactManager.cpp */ = {isa = PBXFileReference; explicitFileType = sourcecode.cpp.cpp; fileEncoding = 30; name = b2ContactManager.cpp; path = "../../../addons/ofxBox2d-stable/libs/Box2D/Dynamics/b2ContactManager.cpp"; sourceTree = SOURCE_ROOT; };
		8E4CF620C82CBBDA324D8805 /* b2ContactSolver.cpp */ = {isa = PBXFileReference; explicitFileType = sourcecode.cpp.cpp; fileEncoding = 30; name = b2ContactSolver.cpp; path = "../../../addons/ofxBox2d-stable/libs/Box2D/Dynamics/Contacts/b2ContactSolver.cpp"; sourceTree = SOURCE_ROOT; };
		92DDFCEBCF61BC44542F7E70 /* b2Distance.cpp */ = {isa = PBXFileReference; explicitFileType = sourcecode.cpp.cpp; fileEncoding = 30; name = b2Distance.cpp; path = "../../../addons/ofxBox2d-stable/libs/Box2D/Collision/b2Distance.cpp"; sourceTree = SOURCE_ROOT; };
		990E383A786036D938EC657D /* b2Contact.cpp */ = {isa = PBXFileReference; explicitFileType = sourcecode.cpp.cpp; fileEncoding = 30; name = b2Contact.cpp; path = "../../../addons/ofxBox2d-stable/libs/Box2D/Dynamics/Contacts/b2Contact.cpp"; sourceTree = SOURCE_ROOT; };
		9B71E8F1D6621BCE36EA0265 /* ofxLSGRuleStandard.h */ = {isa = PBXFileReference; explicitFileType = sourcecode.c.h; fileEncoding = 30; name = ofxLSGRuleStandard.h; path = "../../../addons/ofxLSystemGrammar-master/src/ofxLSGRuleStandard.h"; sourceTree = SOURCE_ROOT; };
		9C21B5F40BD2A316654ABB6B /* b2EdgeShape.h */ = {isa = PBXFileReference; explicitFileType = sourcecode.c.h; fileEncoding = 30; name = b2EdgeShape.h; path = "../../../addons/ofxBox2d-stable/libs/Box2D/Collision/Shapes/b2EdgeShape.h"; sourceTree = SOURCE_ROOT; };
		9E5D476CD705802FFB6DFA45 /* b2Body.cpp */ = {isa = PBXFileReference; explicitFileType = sourcecode.cpp.cpp; fileEncoding = 30; name = b2Body.cpp; path = "../../../addons/ofxBox2d-stable/libs/Box2D/Dynamics/b2Body.cpp"; sourceTree = SOURCE_ROOT; };
		A00CB10D65BC6FEB8B35B12C /* b2EdgeAndCircleContact.cpp */ = {isa = PBXFileReference; explicitFileType = sourcecode.cpp.cpp; fileEncoding = 30; name = b2EdgeAndCircleContact.cpp; path = "../../../addons/ofxBox2d-stable/libs/Box2D/Dynamics/Contacts/b2EdgeAndCircleContact.cpp"; sourceTree = SOURCE_ROOT; };
		A01855D0EDB9B3A6DE54C8E0 /* b2CircleContact.h */ = {isa = PBXFileReference; explicitFileType = sourcecode.c.h; fileEncoding = 30; name = b2CircleContact.h; path = "../../../addons/ofxBox2d-stable/libs/Box2D/Dynamics/Contacts/b2CircleContact.h"; sourceTree = SOURCE_ROOT; };
		A0E9DB2687A628D9CDF09D0D /* ofxBox2dRect.h */ = {isa = PBXFileReference; explicitFileType = sourcecode.c.h; fileEncoding = 30; name = ofxBox2dRect.h; path = "../../../addons/ofxBox2d-stable/src/ofxBox2dRect.h"; sourceTree = SOURCE_ROOT; };
		A1016E53BB8492A6B7C3460F /* ofxBox2dPolygon.h */ = {isa = PBXFileReference; explicitFileType = sourcecode.c.h; fileEncoding = 30; name = ofxBox2dPolygon.h; path = "../../../addons/ofxBox2d-stable/src/ofxBox2dPolygon.h"; sourceTree = SOURCE_ROOT; };
		A2C85CC8DEE78815D04DBC13 /* b2MouseJoint.cpp */ = {isa = PBXFileReference; explicitFileType = sourcecode.cpp.cpp; fileEncoding = 30; name = b2MouseJoint.cpp; path = "../../../addons/ofxBox2d-stable/libs/Box2D/Dynamics/Joints/b2MouseJoint.cpp"; sourceTree = SOURCE_ROOT; };
		A5800196E869FE67FBBC7C14 /* b2PolygonContact.cpp */ = {isa = PBXFileReference; explicitFileType = sourcecode.cpp.cpp; fileEncoding = 30; name = b2PolygonContact.cpp; path = "../../../addons/ofxBox2d-stable/libs/Box2D/Dynamics/Contacts/b2PolygonContact.cpp"; sourceTree = SOURCE_ROOT; };
		A7684C35F8D840004D2A9BF2 /* b2RevoluteJoint.cpp */ = {isa = PBXFileReference; explicitFileType = sourcecode.cpp.cpp; fileEncoding = 30; name = b2RevoluteJoint.cpp; path = "../../../addons/ofxBox2d-stable/libs/Box2D/Dynamics/Joints/b2RevoluteJoint.cpp"; sourceTree = SOURCE_ROOT; };
		A78B176282317B4B6D0DFC93 /* b2PolygonAndCircleContact.h */ = {isa = PBXFileReference; explicitFileType = sourcecode.c.h; fileEncoding = 30; name = b2PolygonAndCircleContact.h; path = "../../../addons/ofxBox2d-stable/libs/Box2D/Dynamics/Contacts/b2PolygonAndCircleContact.h"; sourceTree = SOURCE_ROOT; };
		A852AD3A75FDFD790A24855A /* CreEPS.hpp */ = {isa = PBXFileReference; explicitFileType = sourcecode.c.h; fileEncoding = 30; name = CreEPS.hpp; path = ../../../addons/ofxVectorGraphics/libs/CreEPS.hpp; sourceTree = SOURCE_ROOT; };
		AAE2529081EC996F2E903983 /* b2CollideEdge.cpp */ = {isa = PBXFileReference; explicitFileType = sourcecode.cpp.cpp; fileEncoding = 30; name = b2CollideEdge.cpp; path = "../../../addons/ofxBox2d-stable/libs/Box2D/Collision/b2CollideEdge.cpp"; sourceTree = SOURCE_ROOT; };
		AB3E2024E23E1DF8B0DB1B93 /* ofxBox2dContactListener.h */ = {isa = PBXFileReference; explicitFileType = sourcecode.c.h; fileEncoding = 30; name = ofxBox2dContactListener.h; path = "../../../addons/ofxBox2d-stable/src/ofxBox2dContactListener.h"; sourceTree = SOURCE_ROOT; };
		AB4D93095A63F072BCE30757 /* ofxLSystemGrammar.h */ = {isa = PBXFileReference; explicitFileType = sourcecode.c.h; fileEncoding = 30; name = ofxLSystemGrammar.h; path = "../../../addons/ofxLSystemGrammar-master/src/ofxLSystemGrammar.h"; sourceTree = SOURCE_ROOT; };
		B1C1B8A57D1781B6EB6E68D1 /* ofxLSGCondition.h */ = {isa = PBXFileReference; explicitFileType = sourcecode.c.h; fileEncoding = 30; name = ofxLSGCondition.h; path = "../../../addons/ofxLSystemGrammar-master/src/ofxLSGCondition.h"; sourceTree = SOURCE_ROOT; };
		B2CCAEB350ACDA6D3DD7B5C2 /* b2GearJoint.cpp */ = {isa = PBXFileReference; explicitFileType = sourcecode.cpp.cpp; fileEncoding = 30; name = b2GearJoint.cpp; path = "../../../addons/ofxBox2d-stable/libs/Box2D/Dynamics/Joints/b2GearJoint.cpp"; sourceTree = SOURCE_ROOT; };
		B4A01074B24C17F4572B5C62 /* b2EdgeAndPolygonContact.h */ = {isa = PBXFileReference; explicitFileType = sourcecode.c.h; fileEncoding = 30; name = b2EdgeAndPolygonContact.h; path = "../../../addons/ofxBox2d-stable/libs/Box2D/Dynamics/Contacts/b2EdgeAndPolygonContact.h"; sourceTree = SOURCE_ROOT; };
		B4A20AB38EEA4D71FD630848 /* b2PrismaticJoint.cpp */ = {isa = PBXFileReference; explicitFileType = sourcecode.cpp.cpp; fileEncoding = 30; name = b2PrismaticJoint.cpp; path = "../../../addons/ofxBox2d-stable/libs/Box2D/Dynamics/Joints/b2PrismaticJoint.cpp"; sourceTree = SOURCE_ROOT; };
		B50C2312D35A425EED5DA9A2 /* b2Settings.cpp */ = {isa = PBXFileReference; explicitFileType = sourcecode.cpp.cpp; fileEncoding = 30; name = b2Settings.cpp; path = "../../../addons/ofxBox2d-stable/libs/Box2D/Common/b2Settings.cpp"; sourceTree = SOURCE_ROOT; };
		B8994E263367ADA3F82602E5 /* ofxBox2dEdge.cpp */ = {isa = PBXFileReference; explicitFileType = sourcecode.cpp.cpp; fileEncoding = 30; name = ofxBox2dEdge.cpp; path = "../../../addons/ofxBox2d-stable/src/ofxBox2dEdge.cpp"; sourceTree = SOURCE_ROOT; };
		BA3509337471249B53D15805 /* triangle_impl.hpp */ = {isa = PBXFileReference; explicitFileType = sourcecode.c.h; fileEncoding = 30; name = triangle_impl.hpp; path = "../../../addons/ofxBox2d-stable/libs/triangle/triangle_impl.hpp"; sourceTree = SOURCE_ROOT; };
		C186505E78C7A7861C61A45B /* b2BroadPhase.h */ = {isa = PBXFileReference; explicitFileType = sourcecode.c.h; fileEncoding = 30; name = b2BroadPhase.h; path = "../../../addons/ofxBox2d-stable/libs/Box2D/Collision/b2BroadPhase.h"; sourceTree = SOURCE_ROOT; };
		C31F2D506000E9346C597A56 /* b2WheelJoint.cpp */ = {isa = PBXFileReference; explicitFileType = sourcecode.cpp.cpp; fileEncoding = 30; name = b2WheelJoint.cpp; path = "../../../addons/ofxBox2d-stable/libs/Box2D/Dynamics/Joints/b2WheelJoint.cpp"; sourceTree = SOURCE_ROOT; };
		C66684A6E92E685E03567081 /* ofxBox2d.h */ = {isa = PBXFileReference; explicitFileType = sourcecode.c.h; fileEncoding = 30; name = ofxBox2d.h; path = "../../../addons/ofxBox2d-stable/src/ofxBox2d.h"; sourceTree = SOURCE_ROOT; };
		C68369370D0BE3AB4BC03EDB /* ofxBox2dConvexPoly.h */ = {isa = PBXFileReference; explicitFileType = sourcecode.c.h; fileEncoding = 30; name = ofxBox2dConvexPoly.h; path = "../../../addons/ofxBox2d-stable/src/ofxBox2dConvexPoly.h"; sourceTree = SOURCE_ROOT; };
		C9310C669E815AA1862FEB06 /* b2Distance.h */ = {isa = PBXFileReference; explicitFileType = sourcecode.c.h; fileEncoding = 30; name = b2Distance.h; path = "../../../addons/ofxBox2d-stable/libs/Box2D/Collision/b2Distance.h"; sourceTree = SOURCE_ROOT; };
		CAF72DE732B425B71A7E07F0 /* b2RopeJoint.h */ = {isa = PBXFileReference; explicitFileType = sourcecode.c.h; fileEncoding = 30; name = b2RopeJoint.h; path = "../../../addons/ofxBox2d-stable/libs/Box2D/Dynamics/Joints/b2RopeJoint.h"; sourceTree = SOURCE_ROOT; };
		CCADC54BC8EFEB781BBDE585 /* del_impl.cpp */ = {isa = PBXFileReference; explicitFileType = sourcecode.cpp.cpp; fileEncoding = 30; name = del_impl.cpp; path = "../../../addons/ofxBox2d-stable/libs/triangle/del_impl.cpp"; sourceTree = SOURCE_ROOT; };
		D438DC6173AC17E3E3852664 /* ofxBox2dConvexPoly.cpp */ = {isa = PBXFileReference; explicitFileType = sourcecode.cpp.cpp; fileEncoding = 30; name = ofxBox2dConvexPoly.cpp; path = "../../../addons/ofxBox2d-stable/src/ofxBox2dConvexPoly.cpp"; sourceTree = SOURCE_ROOT; };
		D4DDC483DAD2C0353077AF28 /* ofxVectorGraphics.h */ = {isa = PBXFileReference; explicitFileType = sourcecode.c.h; fileEncoding = 30; name = ofxVectorGraphics.h; path = ../../../addons/ofxVectorGraphics/src/ofxVectorGraphics.h; sourceTree = SOURCE_ROOT; };
		D5647128493C97D1E521BDF2 /* ofxLSGModuleReaderParametric.cpp */ = {isa = PBXFileReference; explicitFileType = sourcecode.cpp.cpp; fileEncoding = 30; name = ofxLSGModuleReaderParametric.cpp; path = "../../../addons/ofxLSystemGrammar-master/src/ofxLSGModuleReaderParametric.cpp"; sourceTree = SOURCE_ROOT; };
		D59D9CDD3BCF2056017CDBED /* b2ChainAndCircleContact.cpp */ = {isa = PBXFileReference; explicitFileType = sourcecode.cpp.cpp; fileEncoding = 30; name = b2ChainAndCircleContact.cpp; path = "../../../addons/ofxBox2d-stable/libs/Box2D/Dynamics/Contacts/b2ChainAndCircleContact.cpp"; sourceTree = SOURCE_ROOT; };
		D6EC814D398A87E93C44342D /* b2ChainAndPolygonContact.h */ = {isa = PBXFileReference; explicitFileType = sourcecode.c.h; fileEncoding = 30; name = b2ChainAndPolygonContact.h; path = "../../../addons/ofxBox2d-stable/libs/Box2D/Dynamics/Contacts/b2ChainAndPolygonContact.h"; sourceTree = SOURCE_ROOT; };
		D96D8BC92C3A09BF49E29FE1 /* b2StackAllocator.cpp */ = {isa = PBXFileReference; explicitFileType = sourcecode.cpp.cpp; fileEncoding = 30; name = b2StackAllocator.cpp; path = "../../../addons/ofxBox2d-stable/libs/Box2D/Common/b2StackAllocator.cpp"; sourceTree = SOURCE_ROOT; };
		DB684EA24374930A4CFD2C52 /* b2RopeJoint.cpp */ = {isa = PBXFileReference; explicitFileType = sourcecode.cpp.cpp; fileEncoding = 30; name = b2RopeJoint.cpp; path = "../../../addons/ofxBox2d-stable/libs/Box2D/Dynamics/Joints/b2RopeJoint.cpp"; sourceTree = SOURCE_ROOT; };
		DB7322EBC6D13850B635F568 /* b2BroadPhase.cpp */ = {isa = PBXFileReference; explicitFileType = sourcecode.cpp.cpp; fileEncoding = 30; name = b2BroadPhase.cpp; path = "../../../addons/ofxBox2d-stable/libs/Box2D/Collision/b2BroadPhase.cpp"; sourceTree = SOURCE_ROOT; };
		DBBE3A91C836905999DDDC67 /* dpoint.hpp */ = {isa = PBXFileReference; explicitFileType = sourcecode.c.h; fileEncoding = 30; name = dpoint.hpp; path = "../../../addons/ofxBox2d-stable/libs/triangle/dpoint.hpp"; sourceTree = SOURCE_ROOT; };
		DBE9F0AAF3E1094206977A95 /* b2PolygonContact.h */ = {isa = PBXFileReference; explicitFileType = sourcecode.c.h; fileEncoding = 30; name = b2PolygonContact.h; path = "../../../addons/ofxBox2d-stable/libs/Box2D/Dynamics/Contacts/b2PolygonContact.h"; sourceTree = SOURCE_ROOT; };
		DBF51264D8AB00F613E2076A /* ofxBox2dPolygonUtils.h */ = {isa = PBXFileReference; explicitFileType = sourcecode.c.h; fileEncoding = 30; name = ofxBox2dPolygonUtils.h; path = "../../../addons/ofxBox2d-stable/src/ofxBox2dPolygonUtils.h"; sourceTree = SOURCE_ROOT; };
		DCE492DC0973A8BB997A68EC /* b2Math.cpp */ = {isa = PBXFileReference; explicitFileType = sourcecode.cpp.cpp; fileEncoding = 30; name = b2Math.cpp; path = "../../../addons/ofxBox2d-stable/libs/Box2D/Common/b2Math.cpp"; sourceTree = SOURCE_ROOT; };
		E420F989E694D07418CE6736 /* b2PulleyJoint.h */ = {isa = PBXFileReference; explicitFileType = sourcecode.c.h; fileEncoding = 30; name = b2PulleyJoint.h; path = "../../../addons/ofxBox2d-stable/libs/Box2D/Dynamics/Joints/b2PulleyJoint.h"; sourceTree = SOURCE_ROOT; };
		E4328143138ABC890047C5CB /* openFrameworksLib.xcodeproj */ = {isa = PBXFileReference; lastKnownFileType = "wrapper.pb-project"; name = openFrameworksLib.xcodeproj; path = ../../../libs/openFrameworksCompiled/project/osx/openFrameworksLib.xcodeproj; sourceTree = SOURCE_ROOT; };
		E4B69B5B0A3A1756003C02F2 /* IP2Debug.app */ = {isa = PBXFileReference; explicitFileType = wrapper.application; includeInIndex = 0; path = IP2Debug.app; sourceTree = BUILT_PRODUCTS_DIR; };
		E4B69E1D0A3A1BDC003C02F2 /* main.cpp */ = {isa = PBXFileReference; fileEncoding = 30; lastKnownFileType = sourcecode.cpp.cpp; name = main.cpp; path = src/main.cpp; sourceTree = SOURCE_ROOT; };
		E4B69E1E0A3A1BDC003C02F2 /* ofApp.cpp */ = {isa = PBXFileReference; explicitFileType = sourcecode.cpp.cpp; fileEncoding = 30; name = ofApp.cpp; path = src/ofApp.cpp; sourceTree = SOURCE_ROOT; };
		E4B69E1F0A3A1BDC003C02F2 /* ofApp.h */ = {isa = PBXFileReference; fileEncoding = 30; lastKnownFileType = sourcecode.c.h; name = ofApp.h; path = src/ofApp.h; sourceTree = SOURCE_ROOT; };
		E4B6FCAD0C3E899E008CF71C /* openFrameworks-Info.plist */ = {isa = PBXFileReference; fileEncoding = 30; lastKnownFileType = text.plist.xml; path = "openFrameworks-Info.plist"; sourceTree = "<group>"; };
		E4EB691F138AFCF100A09F29 /* CoreOF.xcconfig */ = {isa = PBXFileReference; fileEncoding = 4; lastKnownFileType = text.xcconfig; name = CoreOF.xcconfig; path = ../../../libs/openFrameworksCompiled/project/osx/CoreOF.xcconfig; sourceTree = SOURCE_ROOT; };
		E4EB6923138AFD0F00A09F29 /* Project.xcconfig */ = {isa = PBXFileReference; fileEncoding = 4; lastKnownFileType = text.xcconfig; path = Project.xcconfig; sourceTree = "<group>"; };
		E508C9CFE7673BD62E112E6F /* ofxLSystemGrammar.cpp */ = {isa = PBXFileReference; explicitFileType = sourcecode.cpp.cpp; fileEncoding = 30; name = ofxLSystemGrammar.cpp; path = "../../../addons/ofxLSystemGrammar-master/src/ofxLSystemGrammar.cpp"; sourceTree = SOURCE_ROOT; };
		E56E1EF22F3991551D87A220 /* b2CircleShape.h */ = {isa = PBXFileReference; explicitFileType = sourcecode.c.h; fileEncoding = 30; name = b2CircleShape.h; path = "../../../addons/ofxBox2d-stable/libs/Box2D/Collision/Shapes/b2CircleShape.h"; sourceTree = SOURCE_ROOT; };
		E5C421F7748FB68E719637B3 /* ofxBox2dBaseShape.h */ = {isa = PBXFileReference; explicitFileType = sourcecode.c.h; fileEncoding = 30; name = ofxBox2dBaseShape.h; path = "../../../addons/ofxBox2d-stable/src/ofxBox2dBaseShape.h"; sourceTree = SOURCE_ROOT; };
		E6F291012BC1B5F7B971B951 /* b2BlockAllocator.cpp */ = {isa = PBXFileReference; explicitFileType = sourcecode.cpp.cpp; fileEncoding = 30; name = b2BlockAllocator.cpp; path = "../../../addons/ofxBox2d-stable/libs/Box2D/Common/b2BlockAllocator.cpp"; sourceTree = SOURCE_ROOT; };
		E87FDFC88AE55BE21650D326 /* ofxLSGrammarDetector.h */ = {isa = PBXFileReference; explicitFileType = sourcecode.c.h; fileEncoding = 30; name = ofxLSGrammarDetector.h; path = "../../../addons/ofxLSystemGrammar-master/src/ofxLSGrammarDetector.h"; sourceTree = SOURCE_ROOT; };
		EF70169713670D5DC3009C77 /* b2Fixture.cpp */ = {isa = PBXFileReference; explicitFileType = sourcecode.cpp.cpp; fileEncoding = 30; name = b2Fixture.cpp; path = "../../../addons/ofxBox2d-stable/libs/Box2D/Dynamics/b2Fixture.cpp"; sourceTree = SOURCE_ROOT; };
		EF8466D84C984BA991C464E3 /* Box2D.h */ = {isa = PBXFileReference; explicitFileType = sourcecode.c.h; fileEncoding = 30; name = Box2D.h; path = "../../../addons/ofxBox2d-stable/libs/Box2D/Box2D.h"; sourceTree = SOURCE_ROOT; };
		F200312DE4C755E961BB30B7 /* ofxLSGOperation.h */ = {isa = PBXFileReference; explicitFileType = sourcecode.c.h; fileEncoding = 30; name = ofxLSGOperation.h; path = "../../../addons/ofxLSystemGrammar-master/src/ofxLSGOperation.h"; sourceTree = SOURCE_ROOT; };
		F2089F233123226FA776A78A /* ofxLSGSanitizer.cpp */ = {isa = PBXFileReference; explicitFileType = sourcecode.cpp.cpp; fileEncoding = 30; name = ofxLSGSanitizer.cpp; path = "../../../addons/ofxLSystemGrammar-master/src/ofxLSGSanitizer.cpp"; sourceTree = SOURCE_ROOT; };
		F82EDA2248063656B5CB2149 /* b2Joint.h */ = {isa = PBXFileReference; explicitFileType = sourcecode.c.h; fileEncoding = 30; name = b2Joint.h; path = "../../../addons/ofxBox2d-stable/libs/Box2D/Dynamics/Joints/b2Joint.h"; sourceTree = SOURCE_ROOT; };
		F93791A4F043649BC355AF39 /* b2Timer.h */ = {isa = PBXFileReference; explicitFileType = sourcecode.c.h; fileEncoding = 30; name = b2Timer.h; path = "../../../addons/ofxBox2d-stable/libs/Box2D/Common/b2Timer.h"; sourceTree = SOURCE_ROOT; };
		F96C63DD1CA69E049FB0A62A /* b2World.h */ = {isa = PBXFileReference; explicitFileType = sourcecode.c.h; fileEncoding = 30; name = b2World.h; path = "../../../addons/ofxBox2d-stable/libs/Box2D/Dynamics/b2World.h"; sourceTree = SOURCE_ROOT; };
		FA22F49A59A11A133B56A2D0 /* b2WeldJoint.cpp */ = {isa = PBXFileReference; explicitFileType = sourcecode.cpp.cpp; fileEncoding = 30; name = b2WeldJoint.cpp; path = "../../../addons/ofxBox2d-stable/libs/Box2D/Dynamics/Joints/b2WeldJoint.cpp"; sourceTree = SOURCE_ROOT; };
		FA89CD88B2B8FC2B6FDEDF6E /* ofxLSGModuleReaderParametric.h */ = {isa = PBXFileReference; explicitFileType = sourcecode.c.h; fileEncoding = 30; name = ofxLSGModuleReaderParametric.h; path = "../../../addons/ofxLSystemGrammar-master/src/ofxLSGModuleReaderParametric.h"; sourceTree = SOURCE_ROOT; };
		FAC488C6CFBF88DC0747921D /* assert.hpp */ = {isa = PBXFileReference; explicitFileType = sourcecode.c.h; fileEncoding = 30; name = assert.hpp; path = "../../../addons/ofxBox2d-stable/libs/triangle/assert.hpp"; sourceTree = SOURCE_ROOT; };
		FB20128D0FD4F0C61C9D5BB2 /* b2PulleyJoint.cpp */ = {isa = PBXFileReference; explicitFileType = sourcecode.cpp.cpp; fileEncoding = 30; name = b2PulleyJoint.cpp; path = "../../../addons/ofxBox2d-stable/libs/Box2D/Dynamics/Joints/b2PulleyJoint.cpp"; sourceTree = SOURCE_ROOT; };
		FB8CC197A60620F34757E016 /* b2RevoluteJoint.h */ = {isa = PBXFileReference; explicitFileType = sourcecode.c.h; fileEncoding = 30; name = b2RevoluteJoint.h; path = "../../../addons/ofxBox2d-stable/libs/Box2D/Dynamics/Joints/b2RevoluteJoint.h"; sourceTree = SOURCE_ROOT; };
		FBBA46FEEF202391056A928F /* b2PolygonShape.cpp */ = {isa = PBXFileReference; explicitFileType = sourcecode.cpp.cpp; fileEncoding = 30; name = b2PolygonShape.cpp; path = "../../../addons/ofxBox2d-stable/libs/Box2D/Collision/Shapes/b2PolygonShape.cpp"; sourceTree = SOURCE_ROOT; };
		FBBEEAE05614726D0D7F436E /* b2MouseJoint.h */ = {isa = PBXFileReference; explicitFileType = sourcecode.c.h; fileEncoding = 30; name = b2MouseJoint.h; path = "../../../addons/ofxBox2d-stable/libs/Box2D/Dynamics/Joints/b2MouseJoint.h"; sourceTree = SOURCE_ROOT; };
		FF30C35BA43A053A87B3F1A7 /* ofxBox2dCircle.cpp */ = {isa = PBXFileReference; explicitFileType = sourcecode.cpp.cpp; fileEncoding = 30; name = ofxBox2dCircle.cpp; path = "../../../addons/ofxBox2d-stable/src/ofxBox2dCircle.cpp"; sourceTree = SOURCE_ROOT; };
		FF8302EBF3CDA789EC34C353 /* b2ChainShape.h */ = {isa = PBXFileReference; explicitFileType = sourcecode.c.h; fileEncoding = 30; name = b2ChainShape.h; path = "../../../addons/ofxBox2d-stable/libs/Box2D/Collision/Shapes/b2ChainShape.h"; sourceTree = SOURCE_ROOT; };
/* End PBXFileReference section */

/* Begin PBXFrameworksBuildPhase section */
		E4B69B590A3A1756003C02F2 /* Frameworks */ = {
			isa = PBXFrameworksBuildPhase;
			buildActionMask = 2147483647;
			files = (
				E4328149138ABC9F0047C5CB /* openFrameworksDebug.a in Frameworks */,
			);
			runOnlyForDeploymentPostprocessing = 0;
		};
/* End PBXFrameworksBuildPhase section */

/* Begin PBXGroup section */
		0F437E4761003E66B16524BE /* libs */ = {
			isa = PBXGroup;
			children = (
				34BF591C646B5F6EF968D620 /* CreEPS.cpp */,
				A852AD3A75FDFD790A24855A /* CreEPS.hpp */,
				11D7A477920A2054FD49C2D2 /* CreEPS_Types.hpp */,
			);
			name = libs;
			sourceTree = "<group>";
		};
		1276B49D2C2AE0AA1A243905 /* src */ = {
			isa = PBXGroup;
			children = (
				B1C1B8A57D1781B6EB6E68D1 /* ofxLSGCondition.h */,
				4B5FC62BEE9CFE16EFF68641 /* ofxLSGrammarStochastic.h */,
				1D1C36F8E34B8F776588D509 /* ofxLSGUtils.h */,
				654268BFCE0F497425BA16DA /* ofxLSGrammarParametric.cpp */,
				48A911D9BFD2AB46B9787F0C /* ofxLSGRuleParametric.h */,
				661E31978408ADFC83D77420 /* ofxLSGCondition.cpp */,
				1140453199459B31F314A57C /* ofxLSGOperation.cpp */,
				089B3ACD7D4F0C7860E60EC6 /* ofxLSGrammarStochastic.cpp */,
				5F3C11576300B6F9B8446009 /* ofxLSGRuleParametric.cpp */,
				D5647128493C97D1E521BDF2 /* ofxLSGModuleReaderParametric.cpp */,
				E508C9CFE7673BD62E112E6F /* ofxLSystemGrammar.cpp */,
				FA89CD88B2B8FC2B6FDEDF6E /* ofxLSGModuleReaderParametric.h */,
				151DBAA0C480A8D8CBFE46A0 /* ofxLSGSanitizer.h */,
				33ECCDDCEF6186555914248F /* ofxLSGrammarDetector.cpp */,
				AB4D93095A63F072BCE30757 /* ofxLSystemGrammar.h */,
				F2089F233123226FA776A78A /* ofxLSGSanitizer.cpp */,
				58724B14781F9BFCB2D77BD1 /* ofxLSGrammarParametric.h */,
				38E011397A776C8AB1E054A5 /* ofxLSGRuleStochastic.h */,
				E87FDFC88AE55BE21650D326 /* ofxLSGrammarDetector.h */,
				9B71E8F1D6621BCE36EA0265 /* ofxLSGRuleStandard.h */,
				406C135B15A112E096185491 /* ofxLSGrammarStandard.cpp */,
				356C9B5FB89CDD6237DA80FB /* ofxLSGrammarStandard.h */,
				F200312DE4C755E961BB30B7 /* ofxLSGOperation.h */,
			);
			name = src;
			sourceTree = "<group>";
		};
		274C0F43C3FF80CB13A9E151 /* Box2D */ = {
			isa = PBXGroup;
			children = (
				806D4A918F8EFD17CEC413FF /* Dynamics */,
				EF8466D84C984BA991C464E3 /* Box2D.h */,
				6CC9709C33D1D3977BE0B748 /* Rope */,
				5285A262D1D50F1ACBC2BD04 /* Common */,
				2AB7B2AF2D71EB422042D7F4 /* Collision */,
			);
			name = Box2D;
			sourceTree = "<group>";
		};
		2AB7B2AF2D71EB422042D7F4 /* Collision */ = {
			isa = PBXGroup;
			children = (
				762DE828D651065370B88739 /* b2Collision.h */,
				92DDFCEBCF61BC44542F7E70 /* b2Distance.cpp */,
				0576E4AB8C60B3C2248F6923 /* b2CollideCircle.cpp */,
				1B7E31F1541B8372AB15C9BF /* b2CollidePolygon.cpp */,
				727FFA68E6D6F1CD8AF4A804 /* b2DynamicTree.cpp */,
				38BD78D98BB5BC9B67FDC7B1 /* b2DynamicTree.h */,
				7769133675F8A7E2572EF2AC /* Shapes */,
				1683AC6A1F0D3070F852239C /* b2TimeOfImpact.h */,
				280FCA2C2EC81ECB11E9C908 /* b2TimeOfImpact.cpp */,
				DB7322EBC6D13850B635F568 /* b2BroadPhase.cpp */,
				C186505E78C7A7861C61A45B /* b2BroadPhase.h */,
				C9310C669E815AA1862FEB06 /* b2Distance.h */,
				AAE2529081EC996F2E903983 /* b2CollideEdge.cpp */,
				8B85FFD6F6B5C788BC78EAE0 /* b2Collision.cpp */,
			);
			name = Collision;
			sourceTree = "<group>";
		};
		3801B04C72ADFE74ED284693 /* src */ = {
			isa = PBXGroup;
			children = (
				D4DDC483DAD2C0353077AF28 /* ofxVectorGraphics.h */,
				318ABED90EADFB757FFDCCAF /* ofxVectorGraphics.cpp */,
			);
			name = src;
			sourceTree = "<group>";
		};
		5285A262D1D50F1ACBC2BD04 /* Common */ = {
			isa = PBXGroup;
			children = (
				06407B62586EEBCF63428B31 /* b2StackAllocator.h */,
				046D45BF462EFED03B37DDA4 /* b2Draw.cpp */,
				8A9369B8DAE615DA1C2B41A1 /* b2GrowableStack.h */,
				E6F291012BC1B5F7B971B951 /* b2BlockAllocator.cpp */,
				3F770063FF33D740AF18908E /* b2BlockAllocator.h */,
				B50C2312D35A425EED5DA9A2 /* b2Settings.cpp */,
				F93791A4F043649BC355AF39 /* b2Timer.h */,
				48E35A72E1D48CBA50E4F4E5 /* b2Timer.cpp */,
				71B4517572151A984F7857E0 /* b2Math.h */,
				D96D8BC92C3A09BF49E29FE1 /* b2StackAllocator.cpp */,
				DCE492DC0973A8BB997A68EC /* b2Math.cpp */,
				1A556B7B3FC7B2316ED2FAF9 /* b2Draw.h */,
				089F0AEAD89C1846591F59FC /* b2Settings.h */,
			);
			name = Common;
			sourceTree = "<group>";
		};
		572961EFFCA3BE52BAAAEE19 /* ofxBox2d-stable */ = {
			isa = PBXGroup;
			children = (
				60CE84E4520B64E95DB7827C /* src */,
				7D3AA9C6F6FF330A586745B0 /* libs */,
			);
			name = "ofxBox2d-stable";
			sourceTree = "<group>";
		};
		60CE84E4520B64E95DB7827C /* src */ = {
			isa = PBXGroup;
			children = (
				1102BACABCA3EF2BF65428A9 /* ofxBox2dUtils.h */,
				191F19745E5AF6F08297618A /* ofxBox2dCircle.h */,
				1A777DAFA6B5ED675ED24201 /* ofxBox2dEdge.h */,
				AB3E2024E23E1DF8B0DB1B93 /* ofxBox2dContactListener.h */,
				C66684A6E92E685E03567081 /* ofxBox2d.h */,
				44863030DEDAE762316B8D06 /* ofxBox2dPolygon.cpp */,
				7DDE2C1D8A7CA87FB0EC683C /* ofxBox2d.cpp */,
				A1016E53BB8492A6B7C3460F /* ofxBox2dPolygon.h */,
				4A181553F7FBBFCD5EB193DB /* ofxBox2dJoint.cpp */,
				1B58C67C29CED20603629687 /* ofxBox2dJoint.h */,
				318860A667B83A5D2302A06E /* ofxBox2dRect.cpp */,
				C68369370D0BE3AB4BC03EDB /* ofxBox2dConvexPoly.h */,
				E5C421F7748FB68E719637B3 /* ofxBox2dBaseShape.h */,
				DBF51264D8AB00F613E2076A /* ofxBox2dPolygonUtils.h */,
				A0E9DB2687A628D9CDF09D0D /* ofxBox2dRect.h */,
				FF30C35BA43A053A87B3F1A7 /* ofxBox2dCircle.cpp */,
				B8994E263367ADA3F82602E5 /* ofxBox2dEdge.cpp */,
				5A770B5A5A94B7D1640DA37B /* ofxBox2dRender.h */,
				2D561F49CB74B78249C230CD /* ofxBox2dBaseShape.cpp */,
				D438DC6173AC17E3E3852664 /* ofxBox2dConvexPoly.cpp */,
			);
			name = src;
			sourceTree = "<group>";
		};
		6948EE371B920CB800B5AC1A /* local_addons */ = {
			isa = PBXGroup;
			children = (
			);
			name = local_addons;
			sourceTree = "<group>";
		};
		6CC9709C33D1D3977BE0B748 /* Rope */ = {
			isa = PBXGroup;
			children = (
				4C7197D3D0D9E5A10B857B30 /* b2Rope.h */,
				0E8390507FB4D9D0E3C46BA5 /* b2Rope.cpp */,
			);
			name = Rope;
			sourceTree = "<group>";
		};
		7769133675F8A7E2572EF2AC /* Shapes */ = {
			isa = PBXGroup;
			children = (
				14233A88569422D324CB7466 /* b2ChainShape.cpp */,
				33E882D9F80280C9CDD65B1A /* b2PolygonShape.h */,
				700878F57BD30ECA16C65DBE /* b2Shape.h */,
				FF8302EBF3CDA789EC34C353 /* b2ChainShape.h */,
				006609CA27E41B37B4AF2AE2 /* b2EdgeShape.cpp */,
				450E29F7C6D256EC3A4CE5FE /* b2CircleShape.cpp */,
				FBBA46FEEF202391056A928F /* b2PolygonShape.cpp */,
				9C21B5F40BD2A316654ABB6B /* b2EdgeShape.h */,
				E56E1EF22F3991551D87A220 /* b2CircleShape.h */,
			);
			name = Shapes;
			sourceTree = "<group>";
		};
		7D3AA9C6F6FF330A586745B0 /* libs */ = {
			isa = PBXGroup;
			children = (
				D50DBF6DC2180C3C90101541 /* triangle */,
				274C0F43C3FF80CB13A9E151 /* Box2D */,
			);
			name = libs;
			sourceTree = "<group>";
		};
		806D4A918F8EFD17CEC413FF /* Dynamics */ = {
			isa = PBXGroup;
			children = (
				9E5D476CD705802FFB6DFA45 /* b2Body.cpp */,
				6BA81E5DB78BE144E38B930D /* b2World.cpp */,
				EF70169713670D5DC3009C77 /* b2Fixture.cpp */,
				F96C63DD1CA69E049FB0A62A /* b2World.h */,
				C5D796E0DB2918A228BC850F /* Contacts */,
				02D3DF4509708024C570B6E8 /* b2WorldCallbacks.cpp */,
				AD002D6C5A8293861FB4F3FF /* Joints */,
				13CE1DE25179F6A4F04A5DB3 /* b2Body.h */,
				8510ABA0D998C43E421B8348 /* b2Island.cpp */,
				085595925F8B1DC8662D2B5D /* b2Fixture.h */,
				45AB7EB97EC358DC67770C64 /* b2TimeStep.h */,
				3FD6E2AE49352A3682F6981C /* b2WorldCallbacks.h */,
				68FFEEA8E31E874A5DD4252E /* b2ContactManager.h */,
				4FD62F7D6A4AD29AA46F331A /* b2Island.h */,
				8CB5CAD5BCDC8175260DB9FE /* b2ContactManager.cpp */,
			);
			name = Dynamics;
			sourceTree = "<group>";
		};
		916B8DF9E7519F5BB8A2990B /* ofxVectorGraphics */ = {
			isa = PBXGroup;
			children = (
				3801B04C72ADFE74ED284693 /* src */,
				0F437E4761003E66B16524BE /* libs */,
			);
			name = ofxVectorGraphics;
			sourceTree = "<group>";
		};
		AD002D6C5A8293861FB4F3FF /* Joints */ = {
			isa = PBXGroup;
			children = (
				FA22F49A59A11A133B56A2D0 /* b2WeldJoint.cpp */,
				A2C85CC8DEE78815D04DBC13 /* b2MouseJoint.cpp */,
				0EA356F353B695C5E814ECD7 /* b2FrictionJoint.cpp */,
				17894DE26A5C731701CAA9C7 /* b2PrismaticJoint.h */,
				E420F989E694D07418CE6736 /* b2PulleyJoint.h */,
				CAF72DE732B425B71A7E07F0 /* b2RopeJoint.h */,
				0D1CCDC97B25EEAF98F93E56 /* b2WeldJoint.h */,
				53A0114078E3760888712164 /* b2GearJoint.h */,
				03088E669B8D7BA7D65DD199 /* b2DistanceJoint.h */,
				FBBEEAE05614726D0D7F436E /* b2MouseJoint.h */,
				288456BE14BA1912D5014446 /* b2DistanceJoint.cpp */,
				C31F2D506000E9346C597A56 /* b2WheelJoint.cpp */,
				01AF13F91B84799BB4D43F71 /* b2MotorJoint.cpp */,
				F82EDA2248063656B5CB2149 /* b2Joint.h */,
				FB8CC197A60620F34757E016 /* b2RevoluteJoint.h */,
				A7684C35F8D840004D2A9BF2 /* b2RevoluteJoint.cpp */,
				8071538573243FAF0AEC5AE0 /* b2FrictionJoint.h */,
				B2CCAEB350ACDA6D3DD7B5C2 /* b2GearJoint.cpp */,
				6E6588205BF91C829B84E0B0 /* b2Joint.cpp */,
				B4A20AB38EEA4D71FD630848 /* b2PrismaticJoint.cpp */,
				FB20128D0FD4F0C61C9D5BB2 /* b2PulleyJoint.cpp */,
				6885F62D1F90EE1F92B5B192 /* b2WheelJoint.h */,
				DB684EA24374930A4CFD2C52 /* b2RopeJoint.cpp */,
				21F11128095A0F0A644387E9 /* b2MotorJoint.h */,
			);
			name = Joints;
			sourceTree = "<group>";
		};
		BB4B014C10F69532006C3DED /* addons */ = {
			isa = PBXGroup;
			children = (
				572961EFFCA3BE52BAAAEE19 /* ofxBox2d-stable */,
				D1A8E936DD1BEE58C15267F5 /* ofxLSystemGrammar-master */,
				916B8DF9E7519F5BB8A2990B /* ofxVectorGraphics */,
			);
			name = addons;
			sourceTree = "<group>";
		};
		C5D796E0DB2918A228BC850F /* Contacts */ = {
			isa = PBXGroup;
			children = (
				6EDA3797D42DC04ACA4814BF /* b2ContactSolver.h */,
				02F35EF54A2DDA13A1FF9B92 /* b2ChainAndCircleContact.h */,
				A78B176282317B4B6D0DFC93 /* b2PolygonAndCircleContact.h */,
				13117B8717660B203FC9508F /* b2EdgeAndCircleContact.h */,
				1298D389A46C1940EF08C12C /* b2ChainAndPolygonContact.cpp */,
				B4A01074B24C17F4572B5C62 /* b2EdgeAndPolygonContact.h */,
				503ED8DBFB7DE673C6640B5C /* b2EdgeAndPolygonContact.cpp */,
				D59D9CDD3BCF2056017CDBED /* b2ChainAndCircleContact.cpp */,
				0793633AE22A619F4384C2DE /* b2PolygonAndCircleContact.cpp */,
				446B0E8C9C410903F0047433 /* b2Contact.h */,
				A5800196E869FE67FBBC7C14 /* b2PolygonContact.cpp */,
				A01855D0EDB9B3A6DE54C8E0 /* b2CircleContact.h */,
				D6EC814D398A87E93C44342D /* b2ChainAndPolygonContact.h */,
				DBE9F0AAF3E1094206977A95 /* b2PolygonContact.h */,
				8E4CF620C82CBBDA324D8805 /* b2ContactSolver.cpp */,
				32AEAAAD310918C2D61EF2BF /* b2CircleContact.cpp */,
				A00CB10D65BC6FEB8B35B12C /* b2EdgeAndCircleContact.cpp */,
				990E383A786036D938EC657D /* b2Contact.cpp */,
			);
			name = Contacts;
			sourceTree = "<group>";
		};
		D1A8E936DD1BEE58C15267F5 /* ofxLSystemGrammar-master */ = {
			isa = PBXGroup;
			children = (
				1276B49D2C2AE0AA1A243905 /* src */,
			);
			name = "ofxLSystemGrammar-master";
			sourceTree = "<group>";
		};
		D50DBF6DC2180C3C90101541 /* triangle */ = {
			isa = PBXGroup;
			children = (
				DBBE3A91C836905999DDDC67 /* dpoint.hpp */,
				BA3509337471249B53D15805 /* triangle_impl.hpp */,
				FAC488C6CFBF88DC0747921D /* assert.hpp */,
				24836A5D3CDCFF231555BABC /* triangle.h */,
				25CF751DCFAAA6BBE1D8C40A /* del_interface.hpp */,
				CCADC54BC8EFEB781BBDE585 /* del_impl.cpp */,
			);
			name = triangle;
			sourceTree = "<group>";
		};
		E4328144138ABC890047C5CB /* Products */ = {
			isa = PBXGroup;
			children = (
				E4328148138ABC890047C5CB /* openFrameworksDebug.a */,
			);
			name = Products;
			sourceTree = "<group>";
		};
		E4B69B4A0A3A1720003C02F2 = {
			isa = PBXGroup;
			children = (
				E4B6FCAD0C3E899E008CF71C /* openFrameworks-Info.plist */,
				E4EB6923138AFD0F00A09F29 /* Project.xcconfig */,
				E4B69E1C0A3A1BDC003C02F2 /* src */,
				E4EEC9E9138DF44700A80321 /* openFrameworks */,
				BB4B014C10F69532006C3DED /* addons */,
				6948EE371B920CB800B5AC1A /* local_addons */,
				E4B69B5B0A3A1756003C02F2 /* IP2Debug.app */,
			);
			sourceTree = "<group>";
		};
		E4B69E1C0A3A1BDC003C02F2 /* src */ = {
			isa = PBXGroup;
			children = (
				E4B69E1D0A3A1BDC003C02F2 /* main.cpp */,
				E4B69E1E0A3A1BDC003C02F2 /* ofApp.cpp */,
				E4B69E1F0A3A1BDC003C02F2 /* ofApp.h */,
			);
			path = src;
			sourceTree = SOURCE_ROOT;
		};
		E4EEC9E9138DF44700A80321 /* openFrameworks */ = {
			isa = PBXGroup;
			children = (
				E4EB691F138AFCF100A09F29 /* CoreOF.xcconfig */,
				E4328143138ABC890047C5CB /* openFrameworksLib.xcodeproj */,
			);
			name = openFrameworks;
			sourceTree = "<group>";
		};
/* End PBXGroup section */

/* Begin PBXNativeTarget section */
		E4B69B5A0A3A1756003C02F2 /* IP2 */ = {
			isa = PBXNativeTarget;
			buildConfigurationList = E4B69B5F0A3A1757003C02F2 /* Build configuration list for PBXNativeTarget "IP2" */;
			buildPhases = (
				E4B69B580A3A1756003C02F2 /* Sources */,
				E4B69B590A3A1756003C02F2 /* Frameworks */,
				E4B6FFFD0C3F9AB9008CF71C /* ShellScript */,
				E4C2427710CC5ABF004149E2 /* CopyFiles */,
			);
			buildRules = (
			);
			dependencies = (
				E4EEB9AC138B136A00A80321 /* PBXTargetDependency */,
			);
			name = IP2;
			productName = myOFApp;
			productReference = E4B69B5B0A3A1756003C02F2 /* IP2Debug.app */;
			productType = "com.apple.product-type.application";
		};
/* End PBXNativeTarget section */

/* Begin PBXProject section */
		E4B69B4C0A3A1720003C02F2 /* Project object */ = {
			isa = PBXProject;
			attributes = {
				LastUpgradeCheck = 0910;
			};
			buildConfigurationList = E4B69B4D0A3A1720003C02F2 /* Build configuration list for PBXProject "IP2" */;
			compatibilityVersion = "Xcode 3.2";
			developmentRegion = English;
			hasScannedForEncodings = 0;
			knownRegions = (
				English,
				Japanese,
				French,
				German,
			);
			mainGroup = E4B69B4A0A3A1720003C02F2;
			productRefGroup = E4B69B4A0A3A1720003C02F2;
			projectDirPath = "";
			projectReferences = (
				{
					ProductGroup = E4328144138ABC890047C5CB /* Products */;
					ProjectRef = E4328143138ABC890047C5CB /* openFrameworksLib.xcodeproj */;
				},
			);
			projectRoot = "";
			targets = (
				E4B69B5A0A3A1756003C02F2 /* IP2 */,
			);
		};
/* End PBXProject section */

/* Begin PBXReferenceProxy section */
		E4328148138ABC890047C5CB /* openFrameworksDebug.a */ = {
			isa = PBXReferenceProxy;
			fileType = archive.ar;
			path = openFrameworksDebug.a;
			remoteRef = E4328147138ABC890047C5CB /* PBXContainerItemProxy */;
			sourceTree = BUILT_PRODUCTS_DIR;
		};
/* End PBXReferenceProxy section */

/* Begin PBXShellScriptBuildPhase section */
		E4B6FFFD0C3F9AB9008CF71C /* ShellScript */ = {
			isa = PBXShellScriptBuildPhase;
			buildActionMask = 2147483647;
			files = (
			);
			inputPaths = (
			);
			outputPaths = (
			);
			runOnlyForDeploymentPostprocessing = 0;
			shellPath = /bin/sh;
			shellScript = "mkdir -p \"$TARGET_BUILD_DIR/$PRODUCT_NAME.app/Contents/Resources/\"\n# Copy default icon file into App/Resources\nrsync -aved \"$ICON_FILE\" \"$TARGET_BUILD_DIR/$PRODUCT_NAME.app/Contents/Resources/\"\n# Copy libfmod and change install directory for fmod to run\nrsync -aved ../../../libs/fmodex/lib/osx/libfmodex.dylib \"$TARGET_BUILD_DIR/$PRODUCT_NAME.app/Contents/Frameworks/\";\ninstall_name_tool -change @executable_path/libfmodex.dylib @executable_path/../Frameworks/libfmodex.dylib \"$TARGET_BUILD_DIR/$PRODUCT_NAME.app/Contents/MacOS/$PRODUCT_NAME\";\n# Copy GLUT framework (must remove for AppStore submissions)\nrsync -aved ../../../libs/glut/lib/osx/GLUT.framework \"$TARGET_BUILD_DIR/$PRODUCT_NAME.app/Contents/Frameworks/\"\n";
		};
/* End PBXShellScriptBuildPhase section */

/* Begin PBXSourcesBuildPhase section */
		E4B69B580A3A1756003C02F2 /* Sources */ = {
			isa = PBXSourcesBuildPhase;
			buildActionMask = 2147483647;
			files = (
				E4B69E200A3A1BDC003C02F2 /* main.cpp in Sources */,
				E4B69E210A3A1BDC003C02F2 /* ofApp.cpp in Sources */,
				3BA08479B755314F26757D76 /* ofxBox2dPolygon.cpp in Sources */,
				725D8505CCBB12697CDACF8F /* ofxBox2d.cpp in Sources */,
				CDD46B8A1E5B0CC7F4CAA7A0 /* ofxBox2dJoint.cpp in Sources */,
				EAC807FA1DCECE0C69AD74F4 /* ofxBox2dRect.cpp in Sources */,
				FE206D6C3B50FEA2B36C1CF3 /* ofxBox2dCircle.cpp in Sources */,
				2913834119E5330D3F41D5B9 /* ofxBox2dEdge.cpp in Sources */,
				71EB9701233C874488EBE94C /* ofxBox2dBaseShape.cpp in Sources */,
				654ABC493ED7C7C14CE3E4E0 /* ofxBox2dConvexPoly.cpp in Sources */,
				A5E7912F48FFF03FB5D26EE4 /* del_impl.cpp in Sources */,
				B38CF31E799AA099F54EC292 /* b2Body.cpp in Sources */,
				2DE6F10855CACF187E8FAF3C /* b2World.cpp in Sources */,
				FFE735CD2E5FB7E029FF2186 /* b2Fixture.cpp in Sources */,
				854CB977FABE2FFBB121B8B7 /* b2ChainAndPolygonContact.cpp in Sources */,
				554FC411BBE1E5A980DECCF3 /* b2EdgeAndPolygonContact.cpp in Sources */,
				51A56CDB9E45DBD8BF75E26B /* b2ChainAndCircleContact.cpp in Sources */,
				29EC6A37C7326510FEE79FD0 /* b2PolygonAndCircleContact.cpp in Sources */,
				7EB4CEBE2E3BA4DD8D1CAD23 /* b2PolygonContact.cpp in Sources */,
				A94076BF037453167CC69CBF /* b2ContactSolver.cpp in Sources */,
				FFBD8E309D29E3128C02C74C /* b2CircleContact.cpp in Sources */,
				B703D86CA8F925D38B03403A /* b2EdgeAndCircleContact.cpp in Sources */,
				72270EF36855481E2B7775FB /* b2Contact.cpp in Sources */,
				40F78A0B361694018902D4D5 /* b2WorldCallbacks.cpp in Sources */,
				5D51E0405BF17DEDDC492264 /* b2WeldJoint.cpp in Sources */,
				D3195B2C0B8CD827E098F920 /* b2MouseJoint.cpp in Sources */,
				A3C47F1FB7F33C47C17791BC /* b2FrictionJoint.cpp in Sources */,
				CCB4C8F184E05E30BA459FBD /* b2DistanceJoint.cpp in Sources */,
				8DFBAF8AE6E6FF35D7E0CB87 /* b2WheelJoint.cpp in Sources */,
				5072D9BA0B53F22A636D2A62 /* b2MotorJoint.cpp in Sources */,
				84BD2117A957FFAFD01C8B27 /* b2RevoluteJoint.cpp in Sources */,
				0F8E85A9B52191AF87DF7956 /* b2GearJoint.cpp in Sources */,
				3092A7426BADB4FA1575C712 /* b2Joint.cpp in Sources */,
				C55B7B2224ACC1A8A625A5D8 /* b2PrismaticJoint.cpp in Sources */,
				1516D14492EC33F2508936B6 /* b2PulleyJoint.cpp in Sources */,
				7D28D6C44C7FE36732D8CA8D /* b2RopeJoint.cpp in Sources */,
				8D05F689A29F09D04DAEB6E7 /* b2Island.cpp in Sources */,
				F8FC6FD5082B2BDAA70F7C96 /* b2ContactManager.cpp in Sources */,
				D1BE59FFD20CD341CEA4AEA4 /* b2Rope.cpp in Sources */,
				4A84BECA32C207AA2620DDD7 /* b2Draw.cpp in Sources */,
				1B8B03A7151AAA24192C54BD /* b2BlockAllocator.cpp in Sources */,
				1B99F76D97D02E095041F62C /* b2Settings.cpp in Sources */,
				351AC9879DC33A8ECA924086 /* b2Timer.cpp in Sources */,
				08CD64A174B0803C5781E510 /* b2StackAllocator.cpp in Sources */,
				AC9912B5C4FB818DA26AC249 /* b2Math.cpp in Sources */,
				72BB5AF28DCE0202069D81ED /* b2Distance.cpp in Sources */,
				992DF899E9B87260416A8B14 /* b2CollideCircle.cpp in Sources */,
				41C2F90EC069AFD448F4A2FC /* b2CollidePolygon.cpp in Sources */,
				37BA9ED64F5180F0BEC03394 /* b2DynamicTree.cpp in Sources */,
				CA055C8D0AE9EE880300D106 /* b2ChainShape.cpp in Sources */,
				499E198EDD090985780F452E /* b2EdgeShape.cpp in Sources */,
				C1D4F73511AC1F77CA1087AB /* b2CircleShape.cpp in Sources */,
				E4340546668B73D0ED9485D0 /* b2PolygonShape.cpp in Sources */,
				B30B4F68490970C80A859914 /* b2TimeOfImpact.cpp in Sources */,
				AB85EEAD2C837F3E846F0FF0 /* b2BroadPhase.cpp in Sources */,
				80B9671F952DC7DFFAC8FEE9 /* b2CollideEdge.cpp in Sources */,
				F3058C379179EE8D55F2A418 /* b2Collision.cpp in Sources */,
				4424F04C7831AEA2D5D65F0C /* ofxLSGrammarParametric.cpp in Sources */,
				923EDCCF52117F38161D4C7C /* ofxLSGCondition.cpp in Sources */,
				2E2DFD372793A6D8CC90A861 /* ofxLSGOperation.cpp in Sources */,
				BD0466E9AE010FA1678969DF /* ofxLSGrammarStochastic.cpp in Sources */,
				B7C54395FA706CAFAA7AA705 /* ofxLSGRuleParametric.cpp in Sources */,
				00D27A846B37901156ED7E8C /* ofxLSGModuleReaderParametric.cpp in Sources */,
				C73E090EBB58CD3BE832D6C9 /* ofxLSystemGrammar.cpp in Sources */,
				FA9A659517351CB653383D5B /* ofxLSGrammarDetector.cpp in Sources */,
				8EC6215849B6BA1268A9D3EC /* ofxLSGSanitizer.cpp in Sources */,
				FCA2F83BC3F0E8592F1ECEC3 /* ofxLSGrammarStandard.cpp in Sources */,
				603044E656EA8D499FCF7DEA /* ofxVectorGraphics.cpp in Sources */,
				F01092BB147FA462845C38C7 /* CreEPS.cpp in Sources */,
			);
			runOnlyForDeploymentPostprocessing = 0;
		};
/* End PBXSourcesBuildPhase section */

/* Begin PBXTargetDependency section */
		E4EEB9AC138B136A00A80321 /* PBXTargetDependency */ = {
			isa = PBXTargetDependency;
			name = openFrameworks;
			targetProxy = E4EEB9AB138B136A00A80321 /* PBXContainerItemProxy */;
		};
/* End PBXTargetDependency section */

/* Begin XCBuildConfiguration section */
		E4B69B4E0A3A1720003C02F2 /* Debug */ = {
			isa = XCBuildConfiguration;
			baseConfigurationReference = E4EB6923138AFD0F00A09F29 /* Project.xcconfig */;
			buildSettings = {
				CLANG_ANALYZER_LOCALIZABILITY_NONLOCALIZED = YES;
				CLANG_WARN_BLOCK_CAPTURE_AUTORELEASING = YES;
				CLANG_WARN_BOOL_CONVERSION = YES;
				CLANG_WARN_COMMA = YES;
				CLANG_WARN_CONSTANT_CONVERSION = YES;
				CLANG_WARN_EMPTY_BODY = YES;
				CLANG_WARN_ENUM_CONVERSION = YES;
				CLANG_WARN_INFINITE_RECURSION = YES;
				CLANG_WARN_INT_CONVERSION = YES;
				CLANG_WARN_NON_LITERAL_NULL_CONVERSION = YES;
				CLANG_WARN_OBJC_LITERAL_CONVERSION = YES;
				CLANG_WARN_RANGE_LOOP_ANALYSIS = YES;
				CLANG_WARN_STRICT_PROTOTYPES = YES;
				CLANG_WARN_SUSPICIOUS_MOVE = YES;
				CLANG_WARN_UNREACHABLE_CODE = YES;
				CLANG_WARN__DUPLICATE_METHOD_MATCH = YES;
				CONFIGURATION_BUILD_DIR = "$(SRCROOT)/bin/";
				COPY_PHASE_STRIP = NO;
				DEAD_CODE_STRIPPING = YES;
				ENABLE_STRICT_OBJC_MSGSEND = YES;
				ENABLE_TESTABILITY = YES;
				GCC_AUTO_VECTORIZATION = YES;
				GCC_ENABLE_SSE3_EXTENSIONS = YES;
				GCC_ENABLE_SUPPLEMENTAL_SSE3_INSTRUCTIONS = YES;
				GCC_INLINES_ARE_PRIVATE_EXTERN = NO;
				GCC_NO_COMMON_BLOCKS = YES;
				GCC_OPTIMIZATION_LEVEL = 0;
				GCC_SYMBOLS_PRIVATE_EXTERN = NO;
				GCC_WARN_64_TO_32_BIT_CONVERSION = YES;
				GCC_WARN_ABOUT_DEPRECATED_FUNCTIONS = YES;
				GCC_WARN_ABOUT_INVALID_OFFSETOF_MACRO = NO;
				GCC_WARN_ABOUT_RETURN_TYPE = YES;
				GCC_WARN_ALLOW_INCOMPLETE_PROTOCOL = NO;
				GCC_WARN_UNDECLARED_SELECTOR = YES;
				GCC_WARN_UNINITIALIZED_AUTOS = NO;
				GCC_WARN_UNUSED_FUNCTION = YES;
				GCC_WARN_UNUSED_VALUE = NO;
				GCC_WARN_UNUSED_VARIABLE = NO;
				HEADER_SEARCH_PATHS = (
					"$(OF_CORE_HEADERS)",
					"../../../addons/ofxBox2d-stable/libs",
					"../../../addons/ofxBox2d-stable/libs/Box2D",
					"../../../addons/ofxBox2d-stable/libs/Box2D/Collision",
					"../../../addons/ofxBox2d-stable/libs/Box2D/Collision/Shapes",
					"../../../addons/ofxBox2d-stable/libs/Box2D/Common",
					"../../../addons/ofxBox2d-stable/libs/Box2D/Dynamics",
					"../../../addons/ofxBox2d-stable/libs/Box2D/Dynamics/Contacts",
					"../../../addons/ofxBox2d-stable/libs/Box2D/Dynamics/Joints",
					"../../../addons/ofxBox2d-stable/libs/Box2D/Rope",
					"../../../addons/ofxBox2d-stable/libs/triangle",
					"../../../addons/ofxBox2d-stable/src",
					"../../../addons/ofxLSystemGrammar-master/src",
					../../../addons/ofxVectorGraphics/libs,
					../../../addons/ofxVectorGraphics/src,
				);
				MACOSX_DEPLOYMENT_TARGET = 10.9;
				ONLY_ACTIVE_ARCH = YES;
				OTHER_CPLUSPLUSFLAGS = (
					"-D__MACOSX_CORE__",
					"-mtune=native",
				);
				SDKROOT = macosx;
			};
			name = Debug;
		};
		E4B69B4F0A3A1720003C02F2 /* Release */ = {
			isa = XCBuildConfiguration;
			baseConfigurationReference = E4EB6923138AFD0F00A09F29 /* Project.xcconfig */;
			buildSettings = {
				CLANG_ANALYZER_LOCALIZABILITY_NONLOCALIZED = YES;
				CLANG_WARN_BLOCK_CAPTURE_AUTORELEASING = YES;
				CLANG_WARN_BOOL_CONVERSION = YES;
				CLANG_WARN_COMMA = YES;
				CLANG_WARN_CONSTANT_CONVERSION = YES;
				CLANG_WARN_EMPTY_BODY = YES;
				CLANG_WARN_ENUM_CONVERSION = YES;
				CLANG_WARN_INFINITE_RECURSION = YES;
				CLANG_WARN_INT_CONVERSION = YES;
				CLANG_WARN_NON_LITERAL_NULL_CONVERSION = YES;
				CLANG_WARN_OBJC_LITERAL_CONVERSION = YES;
				CLANG_WARN_RANGE_LOOP_ANALYSIS = YES;
				CLANG_WARN_STRICT_PROTOTYPES = YES;
				CLANG_WARN_SUSPICIOUS_MOVE = YES;
				CLANG_WARN_UNREACHABLE_CODE = YES;
				CLANG_WARN__DUPLICATE_METHOD_MATCH = YES;
				CONFIGURATION_BUILD_DIR = "$(SRCROOT)/bin/";
				COPY_PHASE_STRIP = YES;
				DEAD_CODE_STRIPPING = YES;
				ENABLE_STRICT_OBJC_MSGSEND = YES;
				GCC_AUTO_VECTORIZATION = YES;
				GCC_ENABLE_SSE3_EXTENSIONS = YES;
				GCC_ENABLE_SUPPLEMENTAL_SSE3_INSTRUCTIONS = YES;
				GCC_INLINES_ARE_PRIVATE_EXTERN = NO;
				GCC_NO_COMMON_BLOCKS = YES;
				GCC_OPTIMIZATION_LEVEL = 3;
				GCC_SYMBOLS_PRIVATE_EXTERN = NO;
				GCC_UNROLL_LOOPS = YES;
				GCC_WARN_64_TO_32_BIT_CONVERSION = YES;
				GCC_WARN_ABOUT_DEPRECATED_FUNCTIONS = YES;
				GCC_WARN_ABOUT_INVALID_OFFSETOF_MACRO = NO;
				GCC_WARN_ABOUT_RETURN_TYPE = YES;
				GCC_WARN_ALLOW_INCOMPLETE_PROTOCOL = NO;
				GCC_WARN_UNDECLARED_SELECTOR = YES;
				GCC_WARN_UNINITIALIZED_AUTOS = NO;
				GCC_WARN_UNUSED_FUNCTION = YES;
				GCC_WARN_UNUSED_VALUE = NO;
				GCC_WARN_UNUSED_VARIABLE = NO;
				HEADER_SEARCH_PATHS = (
					"$(OF_CORE_HEADERS)",
					"../../../addons/ofxBox2d-stable/libs",
					"../../../addons/ofxBox2d-stable/libs/Box2D",
					"../../../addons/ofxBox2d-stable/libs/Box2D/Collision",
					"../../../addons/ofxBox2d-stable/libs/Box2D/Collision/Shapes",
					"../../../addons/ofxBox2d-stable/libs/Box2D/Common",
					"../../../addons/ofxBox2d-stable/libs/Box2D/Dynamics",
					"../../../addons/ofxBox2d-stable/libs/Box2D/Dynamics/Contacts",
					"../../../addons/ofxBox2d-stable/libs/Box2D/Dynamics/Joints",
					"../../../addons/ofxBox2d-stable/libs/Box2D/Rope",
					"../../../addons/ofxBox2d-stable/libs/triangle",
					"../../../addons/ofxBox2d-stable/src",
					"../../../addons/ofxLSystemGrammar-master/src",
					../../../addons/ofxVectorGraphics/libs,
					../../../addons/ofxVectorGraphics/src,
				);
				MACOSX_DEPLOYMENT_TARGET = 10.9;
				OTHER_CPLUSPLUSFLAGS = (
					"-D__MACOSX_CORE__",
					"-mtune=native",
				);
				SDKROOT = macosx;
			};
			name = Release;
		};
		E4B69B600A3A1757003C02F2 /* Debug */ = {
			isa = XCBuildConfiguration;
			baseConfigurationReference = E4EB6923138AFD0F00A09F29 /* Project.xcconfig */;
			buildSettings = {
				COMBINE_HIDPI_IMAGES = YES;
				COPY_PHASE_STRIP = NO;
				FRAMEWORK_SEARCH_PATHS = (
					"$(inherited)",
					"$(FRAMEWORK_SEARCH_PATHS_QUOTED_FOR_TARGET_1)",
				);
				FRAMEWORK_SEARCH_PATHS_QUOTED_FOR_TARGET_1 = "\"$(SRCROOT)/../../../libs/glut/lib/osx\"";
				GCC_DYNAMIC_NO_PIC = NO;
				GCC_GENERATE_DEBUGGING_SYMBOLS = YES;
				GCC_MODEL_TUNING = NONE;
				HEADER_SEARCH_PATHS = (
					"$(OF_CORE_HEADERS)",
					"../../../addons/ofxBox2d-stable/libs",
					"../../../addons/ofxBox2d-stable/libs/Box2D",
					"../../../addons/ofxBox2d-stable/libs/Box2D/Collision",
					"../../../addons/ofxBox2d-stable/libs/Box2D/Collision/Shapes",
					"../../../addons/ofxBox2d-stable/libs/Box2D/Common",
					"../../../addons/ofxBox2d-stable/libs/Box2D/Dynamics",
					"../../../addons/ofxBox2d-stable/libs/Box2D/Dynamics/Contacts",
					"../../../addons/ofxBox2d-stable/libs/Box2D/Dynamics/Joints",
					"../../../addons/ofxBox2d-stable/libs/Box2D/Rope",
					"../../../addons/ofxBox2d-stable/libs/triangle",
					"../../../addons/ofxBox2d-stable/src",
					"../../../addons/ofxLSystemGrammar-master/src",
					../../../addons/ofxVectorGraphics/libs,
					../../../addons/ofxVectorGraphics/src,
				);
				ICON = "$(ICON_NAME_DEBUG)";
				ICON_FILE = "$(ICON_FILE_PATH)$(ICON)";
				INFOPLIST_FILE = "openFrameworks-Info.plist";
				INSTALL_PATH = /Applications;
				LIBRARY_SEARCH_PATHS = "$(inherited)";
				PRODUCT_BUNDLE_IDENTIFIER = cc.openFrameworks.ofapp;
				PRODUCT_NAME = "$(TARGET_NAME)Debug";
				WRAPPER_EXTENSION = app;
			};
			name = Debug;
		};
		E4B69B610A3A1757003C02F2 /* Release */ = {
			isa = XCBuildConfiguration;
			baseConfigurationReference = E4EB6923138AFD0F00A09F29 /* Project.xcconfig */;
			buildSettings = {
				COMBINE_HIDPI_IMAGES = YES;
				COPY_PHASE_STRIP = YES;
				FRAMEWORK_SEARCH_PATHS = (
					"$(inherited)",
					"$(FRAMEWORK_SEARCH_PATHS_QUOTED_FOR_TARGET_1)",
				);
				FRAMEWORK_SEARCH_PATHS_QUOTED_FOR_TARGET_1 = "\"$(SRCROOT)/../../../libs/glut/lib/osx\"";
				GCC_GENERATE_DEBUGGING_SYMBOLS = YES;
				GCC_MODEL_TUNING = NONE;
				HEADER_SEARCH_PATHS = (
					"$(OF_CORE_HEADERS)",
					"../../../addons/ofxBox2d-stable/libs",
					"../../../addons/ofxBox2d-stable/libs/Box2D",
					"../../../addons/ofxBox2d-stable/libs/Box2D/Collision",
					"../../../addons/ofxBox2d-stable/libs/Box2D/Collision/Shapes",
					"../../../addons/ofxBox2d-stable/libs/Box2D/Common",
					"../../../addons/ofxBox2d-stable/libs/Box2D/Dynamics",
					"../../../addons/ofxBox2d-stable/libs/Box2D/Dynamics/Contacts",
					"../../../addons/ofxBox2d-stable/libs/Box2D/Dynamics/Joints",
					"../../../addons/ofxBox2d-stable/libs/Box2D/Rope",
					"../../../addons/ofxBox2d-stable/libs/triangle",
					"../../../addons/ofxBox2d-stable/src",
					"../../../addons/ofxLSystemGrammar-master/src",
					../../../addons/ofxVectorGraphics/libs,
					../../../addons/ofxVectorGraphics/src,
				);
				ICON = "$(ICON_NAME_RELEASE)";
				ICON_FILE = "$(ICON_FILE_PATH)$(ICON)";
				INFOPLIST_FILE = "openFrameworks-Info.plist";
				INSTALL_PATH = /Applications;
				LIBRARY_SEARCH_PATHS = "$(inherited)";
				PRODUCT_BUNDLE_IDENTIFIER = cc.openFrameworks.ofapp;
				PRODUCT_NAME = "$(TARGET_NAME)";
				WRAPPER_EXTENSION = app;
				baseConfigurationReference = E4EB6923138AFD0F00A09F29;
			};
			name = Release;
		};
/* End XCBuildConfiguration section */

/* Begin XCConfigurationList section */
		E4B69B4D0A3A1720003C02F2 /* Build configuration list for PBXProject "IP2" */ = {
			isa = XCConfigurationList;
			buildConfigurations = (
				E4B69B4E0A3A1720003C02F2 /* Debug */,
				E4B69B4F0A3A1720003C02F2 /* Release */,
			);
			defaultConfigurationIsVisible = 0;
			defaultConfigurationName = Release;
		};
		E4B69B5F0A3A1757003C02F2 /* Build configuration list for PBXNativeTarget "IP2" */ = {
			isa = XCConfigurationList;
			buildConfigurations = (
				E4B69B600A3A1757003C02F2 /* Debug */,
				E4B69B610A3A1757003C02F2 /* Release */,
			);
			defaultConfigurationIsVisible = 0;
			defaultConfigurationName = Release;
		};
/* End XCConfigurationList section */
	};
	rootObject = E4B69B4C0A3A1720003C02F2 /* Project object */;
}
